
Microsoft Visual Studio Solution File, Format Version 12.00
# Visual Studio Version 17
VisualStudioVersion = 17.0.31903.59
MinimumVisualStudioVersion = 10.0.40219.1
Project("{2150E333-8FDC-42A3-9474-1A3956D46DE8}") = "src", "src", "{1C682E29-A286-437F-BFB1-70E7B2D5C95D}"
EndProject
Project("{FAE04EC0-301F-11D3-BF4B-00C04F79EFBC}") = "LankaConnect.Domain", "src\LankaConnect.Domain\LankaConnect.Domain.csproj", "{88DC2F5A-D5CB-4AA0-91BA-01E70C0822B0}"
EndProject
Project("{FAE04EC0-301F-11D3-BF4B-00C04F79EFBC}") = "LankaConnect.Application", "src\LankaConnect.Application\LankaConnect.Application.csproj", "{7C548244-BF84-4A12-844D-4AB0E40658D9}"
EndProject
Project("{FAE04EC0-301F-11D3-BF4B-00C04F79EFBC}") = "LankaConnect.Infrastructure", "src\LankaConnect.Infrastructure\LankaConnect.Infrastructure.csproj", "{A77A2C50-8DCC-4969-81B8-847ABF86BD1E}"
EndProject
Project("{FAE04EC0-301F-11D3-BF4B-00C04F79EFBC}") = "LankaConnect.API", "src\LankaConnect.API\LankaConnect.API.csproj", "{A6D011E9-21B5-4CF4-8340-31B0FB0E1727}"
EndProject
Project("{2150E333-8FDC-42A3-9474-1A3956D46DE8}") = "tests", "tests", "{5B4DD37B-8BB1-49F8-B305-92F5DE52B238}"
EndProject
Project("{FAE04EC0-301F-11D3-BF4B-00C04F79EFBC}") = "LankaConnect.Application.Tests", "tests\LankaConnect.Application.Tests\LankaConnect.Application.Tests.csproj", "{72CE5DC0-A23F-4ABF-AEEA-41C605BA4076}"
EndProject
Project("{FAE04EC0-301F-11D3-BF4B-00C04F79EFBC}") = "LankaConnect.IntegrationTests", "tests\LankaConnect.IntegrationTests\LankaConnect.IntegrationTests.csproj", "{1C9FC640-B18B-49CB-B26B-0670877E6790}"
EndProject
Project("{FAE04EC0-301F-11D3-BF4B-00C04F79EFBC}") = "LankaConnect.Domain.Tests", "tests\LankaConnect.Domain.Tests\LankaConnect.Domain.Tests.csproj", "{7C1839B3-0FBB-4A61-A7D6-399523DCA671}"
EndProject
Project("{FAE04EC0-301F-11D3-BF4B-00C04F79EFBC}") = "LankaConnect.Infrastructure.Tests", "tests\LankaConnect.Infrastructure.Tests\LankaConnect.Infrastructure.Tests.csproj", "{1550CAC8-3A1B-4A7A-99E0-DAA4C304AF4B}"
EndProject
Project("{FAE04EC0-301F-11D3-BF4B-00C04F79EFBC}") = "LankaConnect.Shared.Tests", "tests\LankaConnect.Shared.Tests\LankaConnect.Shared.Tests.csproj", "{5763179B-310E-4750-91AC-002EAB942D78}"
EndProject
Project("{FAE04EC0-301F-11D3-BF4B-00C04F79EFBC}") = "LankaConnect.TestUtilities", "tests\LankaConnect.TestUtilities\LankaConnect.TestUtilities.csproj", "{AB38B3A6-9E9C-4D65-A9DD-9DA06C5FBCA3}"
EndProject
Project("{2150E333-8FDC-42A3-9474-1A3956D46DE8}") = "BuildingBlocks", "BuildingBlocks", "{BED8A517-57F7-4639-9408-BB5B05FF046D}"
EndProject
Project("{FAE04EC0-301F-11D3-BF4B-00C04F79EFBC}") = "BuildingBlocks.Domain", "src\BuildingBlocks\BuildingBlocks.Domain\BuildingBlocks.Domain.csproj", "{CF859F14-E5EA-4E8F-AA79-48655BA1403E}"
EndProject
Project("{FAE04EC0-301F-11D3-BF4B-00C04F79EFBC}") = "BuildingBlocks.Contracts", "src\BuildingBlocks\BuildingBlocks.Contracts\BuildingBlocks.Contracts.csproj", "{44160EC0-008F-4444-9F09-710C394ABBA2}"
EndProject
Project("{FAE04EC0-301F-11D3-BF4B-00C04F79EFBC}") = "BuildingBlocks.Application", "src\BuildingBlocks\BuildingBlocks.Application\BuildingBlocks.Application.csproj", "{231BD261-8AA1-41A0-9E10-561E44F6D47B}"
EndProject
Project("{FAE04EC0-301F-11D3-BF4B-00C04F79EFBC}") = "BuildingBlocks.Infrastructure", "src\BuildingBlocks\BuildingBlocks.Infrastructure\BuildingBlocks.Infrastructure.csproj", "{227569C6-2C49-4D67-9D66-3468386568B7}"
EndProject
Project("{FAE04EC0-301F-11D3-BF4B-00C04F79EFBC}") = "BuildingBlocks.Web", "src\BuildingBlocks\BuildingBlocks.Web\BuildingBlocks.Web.csproj", "{0A2FAA08-2A21-467D-8ABB-1A298814CDF3}"
EndProject
Project("{2150E333-8FDC-42A3-9474-1A3956D46DE8}") = "Hosts", "Hosts", "{F0BA15FC-BC31-4022-8CEA-D04AC82D19E8}"
EndProject
Project("{FAE04EC0-301F-11D3-BF4B-00C04F79EFBC}") = "Host.AllInOne", "src\Hosts\Host.AllInOne\Host.AllInOne.csproj", "{190AFE4B-CCE1-43B3-A909-C9ED576EB02B}"
EndProject
Project("{2150E333-8FDC-42A3-9474-1A3956D46DE8}") = "architecture", "architecture", "{5A6D04BC-B8DD-49FB-BB44-88474DE53137}"
EndProject
Project("{FAE04EC0-301F-11D3-BF4B-00C04F79EFBC}") = "LankaConnect.ArchitectureTests", "tests\architecture\LankaConnect.ArchitectureTests\LankaConnect.ArchitectureTests.csproj", "{FB8F09AE-7FD9-4103-92E3-AF66DF23A648}"
EndProject
Global
	GlobalSection(SolutionConfigurationPlatforms) = preSolution
		Debug|Any CPU = Debug|Any CPU
		Release|Any CPU = Release|Any CPU
	EndGlobalSection
	GlobalSection(SolutionProperties) = preSolution
		HideSolutionNode = FALSE
	EndGlobalSection
	GlobalSection(ProjectConfigurationPlatforms) = postSolution
		{88DC2F5A-D5CB-4AA0-91BA-01E70C0822B0}.Debug|Any CPU.ActiveCfg = Debug|Any CPU
		{88DC2F5A-D5CB-4AA0-91BA-01E70C0822B0}.Debug|Any CPU.Build.0 = Debug|Any CPU
		{88DC2F5A-D5CB-4AA0-91BA-01E70C0822B0}.Release|Any CPU.ActiveCfg = Release|Any CPU
		{88DC2F5A-D5CB-4AA0-91BA-01E70C0822B0}.Release|Any CPU.Build.0 = Release|Any CPU
		{7C548244-BF84-4A12-844D-4AB0E40658D9}.Debug|Any CPU.ActiveCfg = Debug|Any CPU
		{7C548244-BF84-4A12-844D-4AB0E40658D9}.Debug|Any CPU.Build.0 = Debug|Any CPU
		{7C548244-BF84-4A12-844D-4AB0E40658D9}.Release|Any CPU.ActiveCfg = Release|Any CPU
		{7C548244-BF84-4A12-844D-4AB0E40658D9}.Release|Any CPU.Build.0 = Release|Any CPU
		{A77A2C50-8DCC-4969-81B8-847ABF86BD1E}.Debug|Any CPU.ActiveCfg = Debug|Any CPU
		{A77A2C50-8DCC-4969-81B8-847ABF86BD1E}.Debug|Any CPU.Build.0 = Debug|Any CPU
		{A77A2C50-8DCC-4969-81B8-847ABF86BD1E}.Release|Any CPU.ActiveCfg = Release|Any CPU
		{A77A2C50-8DCC-4969-81B8-847ABF86BD1E}.Release|Any CPU.Build.0 = Release|Any CPU
		{A6D011E9-21B5-4CF4-8340-31B0FB0E1727}.Debug|Any CPU.ActiveCfg = Debug|Any CPU
		{A6D011E9-21B5-4CF4-8340-31B0FB0E1727}.Debug|Any CPU.Build.0 = Debug|Any CPU
		{A6D011E9-21B5-4CF4-8340-31B0FB0E1727}.Release|Any CPU.ActiveCfg = Release|Any CPU
		{A6D011E9-21B5-4CF4-8340-31B0FB0E1727}.Release|Any CPU.Build.0 = Release|Any CPU
		{72CE5DC0-A23F-4ABF-AEEA-41C605BA4076}.Debug|Any CPU.ActiveCfg = Debug|Any CPU
		{72CE5DC0-A23F-4ABF-AEEA-41C605BA4076}.Debug|Any CPU.Build.0 = Debug|Any CPU
		{72CE5DC0-A23F-4ABF-AEEA-41C605BA4076}.Release|Any CPU.ActiveCfg = Release|Any CPU
		{72CE5DC0-A23F-4ABF-AEEA-41C605BA4076}.Release|Any CPU.Build.0 = Release|Any CPU
		{1C9FC640-B18B-49CB-B26B-0670877E6790}.Debug|Any CPU.ActiveCfg = Debug|Any CPU
		{1C9FC640-B18B-49CB-B26B-0670877E6790}.Debug|Any CPU.Build.0 = Debug|Any CPU
		{1C9FC640-B18B-49CB-B26B-0670877E6790}.Release|Any CPU.ActiveCfg = Release|Any CPU
		{1C9FC640-B18B-49CB-B26B-0670877E6790}.Release|Any CPU.Build.0 = Release|Any CPU
		{7C1839B3-0FBB-4A61-A7D6-399523DCA671}.Debug|Any CPU.ActiveCfg = Debug|Any CPU
		{7C1839B3-0FBB-4A61-A7D6-399523DCA671}.Debug|Any CPU.Build.0 = Debug|Any CPU
		{7C1839B3-0FBB-4A61-A7D6-399523DCA671}.Release|Any CPU.ActiveCfg = Release|Any CPU
		{7C1839B3-0FBB-4A61-A7D6-399523DCA671}.Release|Any CPU.Build.0 = Release|Any CPU
		{1550CAC8-3A1B-4A7A-99E0-DAA4C304AF4B}.Debug|Any CPU.ActiveCfg = Debug|Any CPU
		{1550CAC8-3A1B-4A7A-99E0-DAA4C304AF4B}.Debug|Any CPU.Build.0 = Debug|Any CPU
		{1550CAC8-3A1B-4A7A-99E0-DAA4C304AF4B}.Release|Any CPU.ActiveCfg = Release|Any CPU
		{1550CAC8-3A1B-4A7A-99E0-DAA4C304AF4B}.Release|Any CPU.Build.0 = Release|Any CPU
		{5763179B-310E-4750-91AC-002EAB942D78}.Debug|Any CPU.ActiveCfg = Debug|Any CPU
		{5763179B-310E-4750-91AC-002EAB942D78}.Debug|Any CPU.Build.0 = Debug|Any CPU
		{5763179B-310E-4750-91AC-002EAB942D78}.Release|Any CPU.ActiveCfg = Release|Any CPU
		{5763179B-310E-4750-91AC-002EAB942D78}.Release|Any CPU.Build.0 = Release|Any CPU
		{AB38B3A6-9E9C-4D65-A9DD-9DA06C5FBCA3}.Debug|Any CPU.ActiveCfg = Debug|Any CPU
		{AB38B3A6-9E9C-4D65-A9DD-9DA06C5FBCA3}.Debug|Any CPU.Build.0 = Debug|Any CPU
		{AB38B3A6-9E9C-4D65-A9DD-9DA06C5FBCA3}.Release|Any CPU.ActiveCfg = Release|Any CPU
		{AB38B3A6-9E9C-4D65-A9DD-9DA06C5FBCA3}.Release|Any CPU.Build.0 = Release|Any CPU
		{CF859F14-E5EA-4E8F-AA79-48655BA1403E}.Debug|Any CPU.ActiveCfg = Debug|Any CPU
		{CF859F14-E5EA-4E8F-AA79-48655BA1403E}.Debug|Any CPU.Build.0 = Debug|Any CPU
		{CF859F14-E5EA-4E8F-AA79-48655BA1403E}.Release|Any CPU.ActiveCfg = Release|Any CPU
		{CF859F14-E5EA-4E8F-AA79-48655BA1403E}.Release|Any CPU.Build.0 = Release|Any CPU
		{44160EC0-008F-4444-9F09-710C394ABBA2}.Debug|Any CPU.ActiveCfg = Debug|Any CPU
		{44160EC0-008F-4444-9F09-710C394ABBA2}.Debug|Any CPU.Build.0 = Debug|Any CPU
		{44160EC0-008F-4444-9F09-710C394ABBA2}.Release|Any CPU.ActiveCfg = Release|Any CPU
		{44160EC0-008F-4444-9F09-710C394ABBA2}.Release|Any CPU.Build.0 = Release|Any CPU
		{231BD261-8AA1-41A0-9E10-561E44F6D47B}.Debug|Any CPU.ActiveCfg = Debug|Any CPU
		{231BD261-8AA1-41A0-9E10-561E44F6D47B}.Debug|Any CPU.Build.0 = Debug|Any CPU
		{231BD261-8AA1-41A0-9E10-561E44F6D47B}.Release|Any CPU.ActiveCfg = Release|Any CPU
		{231BD261-8AA1-41A0-9E10-561E44F6D47B}.Release|Any CPU.Build.0 = Release|Any CPU
		{227569C6-2C49-4D67-9D66-3468386568B7}.Debug|Any CPU.ActiveCfg = Debug|Any CPU
		{227569C6-2C49-4D67-9D66-3468386568B7}.Debug|Any CPU.Build.0 = Debug|Any CPU
		{227569C6-2C49-4D67-9D66-3468386568B7}.Release|Any CPU.ActiveCfg = Release|Any CPU
		{227569C6-2C49-4D67-9D66-3468386568B7}.Release|Any CPU.Build.0 = Release|Any CPU
		{0A2FAA08-2A21-467D-8ABB-1A298814CDF3}.Debug|Any CPU.ActiveCfg = Debug|Any CPU
		{0A2FAA08-2A21-467D-8ABB-1A298814CDF3}.Debug|Any CPU.Build.0 = Debug|Any CPU
		{0A2FAA08-2A21-467D-8ABB-1A298814CDF3}.Release|Any CPU.ActiveCfg = Release|Any CPU
		{0A2FAA08-2A21-467D-8ABB-1A298814CDF3}.Release|Any CPU.Build.0 = Release|Any CPU
		{190AFE4B-CCE1-43B3-A909-C9ED576EB02B}.Debug|Any CPU.ActiveCfg = Debug|Any CPU
		{190AFE4B-CCE1-43B3-A909-C9ED576EB02B}.Debug|Any CPU.Build.0 = Debug|Any CPU
		{190AFE4B-CCE1-43B3-A909-C9ED576EB02B}.Release|Any CPU.ActiveCfg = Release|Any CPU
		{190AFE4B-CCE1-43B3-A909-C9ED576EB02B}.Release|Any CPU.Build.0 = Release|Any CPU
		{FB8F09AE-7FD9-4103-92E3-AF66DF23A648}.Debug|Any CPU.ActiveCfg = Debug|Any CPU
		{FB8F09AE-7FD9-4103-92E3-AF66DF23A648}.Debug|Any CPU.Build.0 = Debug|Any CPU
		{FB8F09AE-7FD9-4103-92E3-AF66DF23A648}.Release|Any CPU.ActiveCfg = Release|Any CPU
		{FB8F09AE-7FD9-4103-92E3-AF66DF23A648}.Release|Any CPU.Build.0 = Release|Any CPU
	EndGlobalSection
	GlobalSection(NestedProjects) = preSolution
		{88DC2F5A-D5CB-4AA0-91BA-01E70C0822B0} = {1C682E29-A286-437F-BFB1-70E7B2D5C95D}
		{7C548244-BF84-4A12-844D-4AB0E40658D9} = {1C682E29-A286-437F-BFB1-70E7B2D5C95D}
		{A77A2C50-8DCC-4969-81B8-847ABF86BD1E} = {1C682E29-A286-437F-BFB1-70E7B2D5C95D}
		{A6D011E9-21B5-4CF4-8340-31B0FB0E1727} = {1C682E29-A286-437F-BFB1-70E7B2D5C95D}
		{72CE5DC0-A23F-4ABF-AEEA-41C605BA4076} = {5B4DD37B-8BB1-49F8-B305-92F5DE52B238}
		{1C9FC640-B18B-49CB-B26B-0670877E6790} = {5B4DD37B-8BB1-49F8-B305-92F5DE52B238}
		{7C1839B3-0FBB-4A61-A7D6-399523DCA671} = {5B4DD37B-8BB1-49F8-B305-92F5DE52B238}
		{1550CAC8-3A1B-4A7A-99E0-DAA4C304AF4B} = {5B4DD37B-8BB1-49F8-B305-92F5DE52B238}
		{5763179B-310E-4750-91AC-002EAB942D78} = {5B4DD37B-8BB1-49F8-B305-92F5DE52B238}
		{AB38B3A6-9E9C-4D65-A9DD-9DA06C5FBCA3} = {5B4DD37B-8BB1-49F8-B305-92F5DE52B238}
		{BED8A517-57F7-4639-9408-BB5B05FF046D} = {1C682E29-A286-437F-BFB1-70E7B2D5C95D}
		{CF859F14-E5EA-4E8F-AA79-48655BA1403E} = {BED8A517-57F7-4639-9408-BB5B05FF046D}
		{44160EC0-008F-4444-9F09-710C394ABBA2} = {BED8A517-57F7-4639-9408-BB5B05FF046D}
		{231BD261-8AA1-41A0-9E10-561E44F6D47B} = {BED8A517-57F7-4639-9408-BB5B05FF046D}
		{227569C6-2C49-4D67-9D66-3468386568B7} = {BED8A517-57F7-4639-9408-BB5B05FF046D}
		{0A2FAA08-2A21-467D-8ABB-1A298814CDF3} = {BED8A517-57F7-4639-9408-BB5B05FF046D}
		{F0BA15FC-BC31-4022-8CEA-D04AC82D19E8} = {1C682E29-A286-437F-BFB1-70E7B2D5C95D}
		{190AFE4B-CCE1-43B3-A909-C9ED576EB02B} = {F0BA15FC-BC31-4022-8CEA-D04AC82D19E8}
		{5A6D04BC-B8DD-49FB-BB44-88474DE53137} = {5B4DD37B-8BB1-49F8-B305-92F5DE52B238}
		{FB8F09AE-7FD9-4103-92E3-AF66DF23A648} = {5A6D04BC-B8DD-49FB-BB44-88474DE53137}
	EndGlobalSection
EndGlobal
