
Microsoft Visual Studio Solution File, Format Version 12.00
# Visual Studio Version 17
VisualStudioVersion = 17.0.31903.59
MinimumVisualStudioVersion = 10.0.40219.1
Project("{2150E333-8FDC-42A3-9474-1A3956D46DE8}") = "src", "src", "{1C682E29-A286-437F-BFB1-70E7B2D5C95D}"
EndProject
Project("{FAE04EC0-301F-11D3-BF4B-00C04F79EFBC}") = "LankaConnect.Domain", "src\LankaConnect.Domain\LankaConnect.Domain.csproj", "{88DC2F5A-D5CB-4AA0-91BA-01E70C0822B0}"
EndProject
Project("{FAE04EC0-301F-11D3-BF4B-00C04F79EFBC}") = "LankaConnect.Application", "src\LankaConnect.Application\LankaConnect.Application.csproj", "{7C548244-BF84-4A12-844D-4AB0E40658D9}"
EndProject
Project("{FAE04EC0-301F-11D3-BF4B-00C04F79EFBC}") = "LankaConnect.Infrastructure", "src\LankaConnect.Infrastructure\LankaConnect.Infrastructure.csproj", "{A77A2C50-8DCC-4969-81B8-847ABF86BD1E}"
EndProject
Project("{FAE04EC0-301F-11D3-BF4B-00C04F79EFBC}") = "LankaConnect.API", "src\LankaConnect.API\LankaConnect.API.csproj", "{A6D011E9-21B5-4CF4-8340-31B0FB0E1727}"
EndProject
Project("{2150E333-8FDC-42A3-9474-1A3956D46DE8}") = "tests", "tests", "{5B4DD37B-8BB1-49F8-B305-92F5DE52B238}"
EndProject
Project("{FAE04EC0-301F-11D3-BF4B-00C04F79EFBC}") = "LankaConnect.Application.Tests", "tests\LankaConnect.Application.Tests\LankaConnect.Application.Tests.csproj", "{72CE5DC0-A23F-4ABF-AEEA-41C605BA4076}"
EndProject
Project("{FAE04EC0-301F-11D3-BF4B-00C04F79EFBC}") = "LankaConnect.IntegrationTests", "tests\LankaConnect.IntegrationTests\LankaConnect.IntegrationTests.csproj", "{1C9FC640-B18B-49CB-B26B-0670877E6790}"
EndProject
Project("{FAE04EC0-301F-11D3-BF4B-00C04F79EFBC}") = "LankaConnect.Domain.Tests", "tests\LankaConnect.Domain.Tests\LankaConnect.Domain.Tests.csproj", "{7C1839B3-0FBB-4A61-A7D6-399523DCA671}"
EndProject
Project("{FAE04EC0-301F-11D3-BF4B-00C04F79EFBC}") = "LankaConnect.Infrastructure.Tests", "tests\LankaConnect.Infrastructure.Tests\LankaConnect.Infrastructure.Tests.csproj", "{1550CAC8-3A1B-4A7A-99E0-DAA4C304AF4B}"
EndProject
Project("{FAE04EC0-301F-11D3-BF4B-00C04F79EFBC}") = "LankaConnect.Shared.Tests", "tests\LankaConnect.Shared.Tests\LankaConnect.Shared.Tests.csproj", "{5763179B-310E-4750-91AC-002EAB942D78}"
EndProject
Project("{FAE04EC0-301F-11D3-BF4B-00C04F79EFBC}") = "LankaConnect.TestUtilities", "tests\LankaConnect.TestUtilities\LankaConnect.TestUtilities.csproj", "{AB38B3A6-9E9C-4D65-A9DD-9DA06C5FBCA3}"
EndProject
Project("{2150E333-8FDC-42A3-9474-1A3956D46DE8}") = "BuildingBlocks", "BuildingBlocks", "{BED8A517-57F7-4639-9408-BB5B05FF046D}"
EndProject
Project("{FAE04EC0-301F-11D3-BF4B-00C04F79EFBC}") = "BuildingBlocks.Domain", "src\BuildingBlocks\BuildingBlocks.Domain\BuildingBlocks.Domain.csproj", "{CF859F14-E5EA-4E8F-AA79-48655BA1403E}"
EndProject
Project("{FAE04EC0-301F-11D3-BF4B-00C04F79EFBC}") = "BuildingBlocks.Contracts", "src\BuildingBlocks\BuildingBlocks.Contracts\BuildingBlocks.Contracts.csproj", "{44160EC0-008F-4444-9F09-710C394ABBA2}"
EndProject
Project("{FAE04EC0-301F-11D3-BF4B-00C04F79EFBC}") = "BuildingBlocks.Application", "src\BuildingBlocks\BuildingBlocks.Application\BuildingBlocks.Application.csproj", "{231BD261-8AA1-41A0-9E10-561E44F6D47B}"
EndProject
Project("{FAE04EC0-301F-11D3-BF4B-00C04F79EFBC}") = "BuildingBlocks.Infrastructure", "src\BuildingBlocks\BuildingBlocks.Infrastructure\BuildingBlocks.Infrastructure.csproj", "{227569C6-2C49-4D67-9D66-3468386568B7}"
EndProject
Project("{FAE04EC0-301F-11D3-BF4B-00C04F79EFBC}") = "BuildingBlocks.Web", "src\BuildingBlocks\BuildingBlocks.Web\BuildingBlocks.Web.csproj", "{0A2FAA08-2A21-467D-8ABB-1A298814CDF3}"
EndProject
Project("{2150E333-8FDC-42A3-9474-1A3956D46DE8}") = "Hosts", "Hosts", "{F0BA15FC-BC31-4022-8CEA-D04AC82D19E8}"
EndProject
Project("{FAE04EC0-301F-11D3-BF4B-00C04F79EFBC}") = "Host.AllInOne", "src\Hosts\Host.AllInOne\Host.AllInOne.csproj", "{190AFE4B-CCE1-43B3-A909-C9ED576EB02B}"
EndProject
Project("{2150E333-8FDC-42A3-9474-1A3956D46DE8}") = "architecture", "architecture", "{5A6D04BC-B8DD-49FB-BB44-88474DE53137}"
EndProject
Project("{FAE04EC0-301F-11D3-BF4B-00C04F79EFBC}") = "LankaConnect.ArchitectureTests", "tests\architecture\LankaConnect.ArchitectureTests\LankaConnect.ArchitectureTests.csproj", "{FB8F09AE-7FD9-4103-92E3-AF66DF23A648}"
EndProject
Project("{FAE04EC0-301F-11D3-BF4B-00C04F79EFBC}") = "LankaConnect.BuildingBlocks.Domain.Tests", "tests\LankaConnect.BuildingBlocks.Domain.Tests\LankaConnect.BuildingBlocks.Domain.Tests.csproj", "{8641CF01-5A78-4FBB-982D-8CA9E58FC365}"
EndProject
Project("{FAE04EC0-301F-11D3-BF4B-00C04F79EFBC}") = "LankaConnect.BuildingBlocks.Application.Tests", "tests\LankaConnect.BuildingBlocks.Application.Tests\LankaConnect.BuildingBlocks.Application.Tests.csproj", "{6F8692C4-6B88-4D43-B9D6-225BCB200A0E}"
EndProject
Project("{FAE04EC0-301F-11D3-BF4B-00C04F79EFBC}") = "LankaConnect.BuildingBlocks.Infrastructure.Tests", "tests\LankaConnect.BuildingBlocks.Infrastructure.Tests\LankaConnect.BuildingBlocks.Infrastructure.Tests.csproj", "{2A538716-DCAD-4347-8ABC-DB6647CC9FFD}"
EndProject
Project("{FAE04EC0-301F-11D3-BF4B-00C04F79EFBC}") = "LankaConnect.BuildingBlocks.Web.Tests", "tests\LankaConnect.BuildingBlocks.Web.Tests\LankaConnect.BuildingBlocks.Web.Tests.csproj", "{70B0E0CF-284B-48C4-B678-F46F7BF77F76}"
EndProject
Project("{FAE04EC0-301F-11D3-BF4B-00C04F79EFBC}") = "LankaConnect.BuildingBlocks.Contracts.Tests", "tests\LankaConnect.BuildingBlocks.Contracts.Tests\LankaConnect.BuildingBlocks.Contracts.Tests.csproj", "{291BDAB1-A5F9-4CC6-8619-3F6870C2AADD}"
EndProject
Project("{2150E333-8FDC-42A3-9474-1A3956D46DE8}") = "Modules", "Modules", "{5BCA4089-91DE-4949-AC78-9E5DDC51325E}"
EndProject
Project("{2150E333-8FDC-42A3-9474-1A3956D46DE8}") = "Notifications", "Notifications", "{8B51E703-38D4-4150-AFCA-C9E20009C819}"
EndProject
Project("{FAE04EC0-301F-11D3-BF4B-00C04F79EFBC}") = "Notifications.Domain", "src\Modules\Notifications\Notifications.Domain\Notifications.Domain.csproj", "{4B515AEF-16C7-40D2-A217-1ECAC8511AB8}"
EndProject
Project("{FAE04EC0-301F-11D3-BF4B-00C04F79EFBC}") = "Notifications.Contracts", "src\Modules\Notifications\Notifications.Contracts\Notifications.Contracts.csproj", "{75185A7E-EB69-4E61-A5D8-FC895951E43E}"
EndProject
Project("{FAE04EC0-301F-11D3-BF4B-00C04F79EFBC}") = "Notifications.Application", "src\Modules\Notifications\Notifications.Application\Notifications.Application.csproj", "{D58AFFCD-82D7-494C-B7E3-1A2F5BEC55E5}"
EndProject
Project("{FAE04EC0-301F-11D3-BF4B-00C04F79EFBC}") = "Notifications.Infrastructure", "src\Modules\Notifications\Notifications.Infrastructure\Notifications.Infrastructure.csproj", "{87637E87-9916-4CC8-BE34-97FF58DAB5B4}"
EndProject
Project("{FAE04EC0-301F-11D3-BF4B-00C04F79EFBC}") = "Notifications.Api", "src\Modules\Notifications\Notifications.Api\Notifications.Api.csproj", "{3F6C38A9-2505-4605-B952-94B8CF944439}"
EndProject
Project("{2150E333-8FDC-42A3-9474-1A3956D46DE8}") = "Modules", "Modules", "{CC736388-AE32-40AC-B757-C4D017D12FB0}"
EndProject
Project("{2150E333-8FDC-42A3-9474-1A3956D46DE8}") = "Notifications", "Notifications", "{5D9A2FF4-2A18-44F6-82E0-EF1DEB4A1592}"
EndProject
Project("{FAE04EC0-301F-11D3-BF4B-00C04F79EFBC}") = "Notifications.Domain.Tests", "tests\Modules\Notifications\Notifications.Domain.Tests\Notifications.Domain.Tests.csproj", "{D5B9F033-3002-46B6-8BD1-5CF2763EBC99}"
EndProject
Project("{FAE04EC0-301F-11D3-BF4B-00C04F79EFBC}") = "Notifications.Application.Tests", "tests\Modules\Notifications\Notifications.Application.Tests\Notifications.Application.Tests.csproj", "{D8E8CDA7-1B57-46C8-8BCC-350A5914BAE6}"
EndProject
Project("{FAE04EC0-301F-11D3-BF4B-00C04F79EFBC}") = "Notifications.Infrastructure.Tests", "tests\Modules\Notifications\Notifications.Infrastructure.Tests\Notifications.Infrastructure.Tests.csproj", "{02554DDB-415A-4325-8B2D-EE5929A613EB}"
EndProject
Project("{FAE04EC0-301F-11D3-BF4B-00C04F79EFBC}") = "Notifications.Api.Tests", "tests\Modules\Notifications\Notifications.Api.Tests\Notifications.Api.Tests.csproj", "{C9A76C29-0282-4BEA-B085-439AB007A631}"
EndProject
Project("{2150E333-8FDC-42A3-9474-1A3956D46DE8}") = "Communications", "Communications", "{07D0B0C0-E0ED-4A67-A6E3-9DD60093412C}"
EndProject
Project("{FAE04EC0-301F-11D3-BF4B-00C04F79EFBC}") = "Communications.Domain", "src\Modules\Communications\Communications.Domain\Communications.Domain.csproj", "{EE0223D1-62DD-407B-9E56-AC0D9A5BB781}"
EndProject
Project("{FAE04EC0-301F-11D3-BF4B-00C04F79EFBC}") = "Communications.Contracts", "src\Modules\Communications\Communications.Contracts\Communications.Contracts.csproj", "{C1B58B54-212B-4C80-AD8B-D430E61138C9}"
EndProject
Project("{FAE04EC0-301F-11D3-BF4B-00C04F79EFBC}") = "Communications.Application", "src\Modules\Communications\Communications.Application\Communications.Application.csproj", "{97F746F6-C410-4F3F-9CC9-7720FAE59BC3}"
EndProject
Project("{FAE04EC0-301F-11D3-BF4B-00C04F79EFBC}") = "Communications.Infrastructure", "src\Modules\Communications\Communications.Infrastructure\Communications.Infrastructure.csproj", "{B7D6C2F6-34DD-420B-AAEF-5A24435E214D}"
EndProject
Project("{FAE04EC0-301F-11D3-BF4B-00C04F79EFBC}") = "Communications.Api", "src\Modules\Communications\Communications.Api\Communications.Api.csproj", "{8F9B0B5B-6296-4579-90F8-F1CD0F360C6C}"
EndProject
Project("{2150E333-8FDC-42A3-9474-1A3956D46DE8}") = "Communications", "Communications", "{BAE73300-931C-4766-A074-F736338D6E99}"
EndProject
Project("{FAE04EC0-301F-11D3-BF4B-00C04F79EFBC}") = "Communications.Domain.Tests", "tests\Modules\Communications\Communications.Domain.Tests\Communications.Domain.Tests.csproj", "{82A284B4-DC18-4B77-8685-CE5D0BF6471B}"
EndProject
Project("{FAE04EC0-301F-11D3-BF4B-00C04F79EFBC}") = "Communications.Application.Tests", "tests\Modules\Communications\Communications.Application.Tests\Communications.Application.Tests.csproj", "{41FD2B2C-E28D-451A-A1E3-E51B94CB6A92}"
EndProject
Project("{FAE04EC0-301F-11D3-BF4B-00C04F79EFBC}") = "Communications.Infrastructure.Tests", "tests\Modules\Communications\Communications.Infrastructure.Tests\Communications.Infrastructure.Tests.csproj", "{533DAB7F-74B6-4582-82F4-47996DFE4CF2}"
EndProject
Project("{FAE04EC0-301F-11D3-BF4B-00C04F79EFBC}") = "Communications.Api.Tests", "tests\Modules\Communications\Communications.Api.Tests\Communications.Api.Tests.csproj", "{3AC470A2-CC06-445F-BE8C-F681B2E73772}"
EndProject
Project("{2150E333-8FDC-42A3-9474-1A3956D46DE8}") = "Media", "Media", "{32D78B84-CCC2-40B2-95FF-9D47A426D403}"
EndProject
Project("{FAE04EC0-301F-11D3-BF4B-00C04F79EFBC}") = "Media.Domain", "src\Modules\Media\Media.Domain\Media.Domain.csproj", "{0DF3BF9A-3703-4EC2-AEF7-2614C8A6E54A}"
EndProject
Project("{FAE04EC0-301F-11D3-BF4B-00C04F79EFBC}") = "Media.Contracts", "src\Modules\Media\Media.Contracts\Media.Contracts.csproj", "{ABAA2D2F-F28E-4B58-822D-9BCB6563A7BB}"
EndProject
Project("{FAE04EC0-301F-11D3-BF4B-00C04F79EFBC}") = "Media.Application", "src\Modules\Media\Media.Application\Media.Application.csproj", "{A4C33074-1825-44C9-81FE-8C52ACD81865}"
EndProject
Project("{FAE04EC0-301F-11D3-BF4B-00C04F79EFBC}") = "Media.Infrastructure", "src\Modules\Media\Media.Infrastructure\Media.Infrastructure.csproj", "{7715275A-8B88-43C6-84DA-7757C1461136}"
EndProject
Project("{FAE04EC0-301F-11D3-BF4B-00C04F79EFBC}") = "Media.Api", "src\Modules\Media\Media.Api\Media.Api.csproj", "{18ABCCE2-7BD9-4A08-B611-E3970CA35AF4}"
EndProject
Project("{2150E333-8FDC-42A3-9474-1A3956D46DE8}") = "Media", "Media", "{4CC245C0-B208-42F6-AD4C-9E7582B041E3}"
EndProject
Project("{FAE04EC0-301F-11D3-BF4B-00C04F79EFBC}") = "Media.Domain.Tests", "tests\Modules\Media\Media.Domain.Tests\Media.Domain.Tests.csproj", "{843437D6-B566-4FCE-A815-B6898B72D25F}"
EndProject
Project("{FAE04EC0-301F-11D3-BF4B-00C04F79EFBC}") = "Media.Application.Tests", "tests\Modules\Media\Media.Application.Tests\Media.Application.Tests.csproj", "{30422A33-A91F-46E7-8AF1-352E1876FED9}"
EndProject
Project("{FAE04EC0-301F-11D3-BF4B-00C04F79EFBC}") = "Media.Infrastructure.Tests", "tests\Modules\Media\Media.Infrastructure.Tests\Media.Infrastructure.Tests.csproj", "{D3368F3D-C4EB-4CEB-BE8B-3F73921AFA85}"
EndProject
Project("{FAE04EC0-301F-11D3-BF4B-00C04F79EFBC}") = "Media.Api.Tests", "tests\Modules\Media\Media.Api.Tests\Media.Api.Tests.csproj", "{37C13D0E-AF72-4540-AD7D-C703473AAEED}"
EndProject
Project("{FAE04EC0-301F-11D3-BF4B-00C04F79EFBC}") = "BuildingBlocks.Abstractions", "src\BuildingBlocks\BuildingBlocks.Abstractions\BuildingBlocks.Abstractions.csproj", "{8681B74E-A68D-411A-9421-6BA15874283A}"
EndProject
Project("{2150E333-8FDC-42A3-9474-1A3956D46DE8}") = "SharedKernel", "SharedKernel", "{F2224FA5-1504-45BC-9D2B-A5094E7E9224}"
EndProject
Project("{FAE04EC0-301F-11D3-BF4B-00C04F79EFBC}") = "SharedKernel.Cultural", "src\SharedKernel\SharedKernel.Cultural\SharedKernel.Cultural.csproj", "{B0D5D42B-F959-4A76-8EF1-1E56666AFC9B}"
EndProject
Project("{FAE04EC0-301F-11D3-BF4B-00C04F79EFBC}") = "SharedKernel.Money", "src\SharedKernel\SharedKernel.Money\SharedKernel.Money.csproj", "{C1902AFD-A91C-4EE8-A2AF-94863C418B04}"
EndProject
Project("{FAE04EC0-301F-11D3-BF4B-00C04F79EFBC}") = "SharedKernel.Locale", "src\SharedKernel\SharedKernel.Locale\SharedKernel.Locale.csproj", "{C1FB342B-1755-434E-8795-D029507E2501}"
EndProject
Project("{FAE04EC0-301F-11D3-BF4B-00C04F79EFBC}") = "SharedKernel.Identity", "src\SharedKernel\SharedKernel.Identity\SharedKernel.Identity.csproj", "{CA9E5DCE-768D-4268-8D7E-B2EF69499CD4}"
EndProject
Project("{FAE04EC0-301F-11D3-BF4B-00C04F79EFBC}") = "SharedKernel.Geo", "src\SharedKernel\SharedKernel.Geo\SharedKernel.Geo.csproj", "{B6407870-C416-40EE-AD17-667FC4136891}"
EndProject
Project("{FAE04EC0-301F-11D3-BF4B-00C04F79EFBC}") = "SharedKernel.Time", "src\SharedKernel\SharedKernel.Time\SharedKernel.Time.csproj", "{D2FC9737-4511-4EF2-B6BF-F6CE41C506BC}"
EndProject
Project("{FAE04EC0-301F-11D3-BF4B-00C04F79EFBC}") = "SharedKernel.Contracts", "src\SharedKernel\SharedKernel.Contracts\SharedKernel.Contracts.csproj", "{33EABED5-243C-46C4-96F6-C8751001420B}"
EndProject
Project("{2150E333-8FDC-42A3-9474-1A3956D46DE8}") = "Forms", "Forms", "{E2FF17BE-3992-477B-985B-523C8F3901B9}"
EndProject
Project("{FAE04EC0-301F-11D3-BF4B-00C04F79EFBC}") = "Forms.Domain", "src\Modules\Forms\Forms.Domain\Forms.Domain.csproj", "{CE666852-7855-451F-8080-FC0BC60104B6}"
EndProject
Project("{FAE04EC0-301F-11D3-BF4B-00C04F79EFBC}") = "Forms.Application", "src\Modules\Forms\Forms.Application\Forms.Application.csproj", "{AF69EDFF-557A-4B10-9056-80A9EC6E8B8B}"
EndProject
Project("{FAE04EC0-301F-11D3-BF4B-00C04F79EFBC}") = "Forms.Contracts", "src\Modules\Forms\Forms.Contracts\Forms.Contracts.csproj", "{E00A17B2-38FA-4B18-ACF4-9FB331625B86}"
EndProject
Project("{FAE04EC0-301F-11D3-BF4B-00C04F79EFBC}") = "Forms.Infrastructure", "src\Modules\Forms\Forms.Infrastructure\Forms.Infrastructure.csproj", "{0AF25811-7E44-4AB8-B154-C474B1DA56E1}"
EndProject
Project("{FAE04EC0-301F-11D3-BF4B-00C04F79EFBC}") = "Forms.Api", "src\Modules\Forms\Forms.Api\Forms.Api.csproj", "{537F43C4-9F87-4C70-81C6-E9A736F926CA}"
EndProject
Project("{2150E333-8FDC-42A3-9474-1A3956D46DE8}") = "CulturalIntelligence", "CulturalIntelligence", "{5F29B396-155D-46AA-98B1-4759F13665D8}"
EndProject
Project("{FAE04EC0-301F-11D3-BF4B-00C04F79EFBC}") = "CulturalIntelligence.Domain", "src\Modules\CulturalIntelligence\CulturalIntelligence.Domain\CulturalIntelligence.Domain.csproj", "{55280C2F-401F-4AA9-94CA-D50551E52DDD}"
EndProject
Project("{FAE04EC0-301F-11D3-BF4B-00C04F79EFBC}") = "CulturalIntelligence.Application", "src\Modules\CulturalIntelligence\CulturalIntelligence.Application\CulturalIntelligence.Application.csproj", "{798DF5C4-C095-4A0B-8BAB-E8208F31F790}"
EndProject
Project("{FAE04EC0-301F-11D3-BF4B-00C04F79EFBC}") = "CulturalIntelligence.Contracts", "src\Modules\CulturalIntelligence\CulturalIntelligence.Contracts\CulturalIntelligence.Contracts.csproj", "{6D2D27BD-2257-4F64-84B5-3AE90FD63747}"
EndProject
Project("{FAE04EC0-301F-11D3-BF4B-00C04F79EFBC}") = "CulturalIntelligence.Infrastructure", "src\Modules\CulturalIntelligence\CulturalIntelligence.Infrastructure\CulturalIntelligence.Infrastructure.csproj", "{0E9EDFBB-282A-44CF-BFD4-B29390D3B5A1}"
EndProject
Project("{FAE04EC0-301F-11D3-BF4B-00C04F79EFBC}") = "CulturalIntelligence.Api", "src\Modules\CulturalIntelligence\CulturalIntelligence.Api\CulturalIntelligence.Api.csproj", "{A2444859-1BB6-4F96-BC3B-F1408069338D}"
EndProject
Project("{2150E333-8FDC-42A3-9474-1A3956D46DE8}") = "Scheduling", "Scheduling", "{94AD57B8-94C9-4ECB-B5A4-71D6823BDEE5}"
EndProject
Project("{FAE04EC0-301F-11D3-BF4B-00C04F79EFBC}") = "Scheduling.Domain", "src\Modules\Scheduling\Scheduling.Domain\Scheduling.Domain.csproj", "{18E0F58C-E706-448C-94B7-0577E3C7D4A9}"
EndProject
Project("{FAE04EC0-301F-11D3-BF4B-00C04F79EFBC}") = "Scheduling.Application", "src\Modules\Scheduling\Scheduling.Application\Scheduling.Application.csproj", "{EE34FFF1-C0C1-45A6-9113-2F0DF8F06359}"
EndProject
Project("{FAE04EC0-301F-11D3-BF4B-00C04F79EFBC}") = "Scheduling.Contracts", "src\Modules\Scheduling\Scheduling.Contracts\Scheduling.Contracts.csproj", "{D9AD1FA3-56B7-4772-A7AE-B5DDD3E22723}"
EndProject
Project("{FAE04EC0-301F-11D3-BF4B-00C04F79EFBC}") = "Scheduling.Infrastructure", "src\Modules\Scheduling\Scheduling.Infrastructure\Scheduling.Infrastructure.csproj", "{5F567757-A604-4287-B535-B6837507E500}"
EndProject
Project("{FAE04EC0-301F-11D3-BF4B-00C04F79EFBC}") = "Scheduling.Api", "src\Modules\Scheduling\Scheduling.Api\Scheduling.Api.csproj", "{95B76524-72D0-4B04-B6DA-EB20F5DD4038}"
EndProject
Project("{2150E333-8FDC-42A3-9474-1A3956D46DE8}") = "Forms", "Forms", "{26D871FA-4A2D-43B7-98F2-8CF1FC82D555}"
EndProject
Project("{FAE04EC0-301F-11D3-BF4B-00C04F79EFBC}") = "Forms.Domain.Tests", "tests\Modules\Forms\Forms.Domain.Tests\Forms.Domain.Tests.csproj", "{7D998CC9-B2F2-4D93-8677-077F36FB1392}"
EndProject
Project("{2150E333-8FDC-42A3-9474-1A3956D46DE8}") = "CulturalIntelligence", "CulturalIntelligence", "{BC09B620-5438-4975-8CD3-A821DC7AE843}"
EndProject
Project("{FAE04EC0-301F-11D3-BF4B-00C04F79EFBC}") = "CulturalIntelligence.Api.Tests", "tests\Modules\CulturalIntelligence\CulturalIntelligence.Api.Tests\CulturalIntelligence.Api.Tests.csproj", "{2BB6651E-E3D3-4A4A-BC7C-D0F90E7E3AF4}"
EndProject
Project("{2150E333-8FDC-42A3-9474-1A3956D46DE8}") = "SharedKernel", "SharedKernel", "{87539D45-B3DE-4094-8FD5-FA436223D398}"
EndProject
Project("{FAE04EC0-301F-11D3-BF4B-00C04F79EFBC}") = "SharedKernel.Cultural.Tests", "tests\SharedKernel\SharedKernel.Cultural.Tests\SharedKernel.Cultural.Tests.csproj", "{3C2EEB36-8016-4828-9DE8-7DB2FF692553}"
EndProject
Project("{FAE04EC0-301F-11D3-BF4B-00C04F79EFBC}") = "Forms.Contracts.Tests", "tests\Modules\Forms\Forms.Contracts.Tests\Forms.Contracts.Tests.csproj", "{CD759FCF-5C07-4AA1-B95E-C5901A70D283}"
EndProject
Project("{FAE04EC0-301F-11D3-BF4B-00C04F79EFBC}") = "Forms.Application.Tests", "tests\Modules\Forms\Forms.Application.Tests\Forms.Application.Tests.csproj", "{B9DE8C27-F06B-4483-9095-4A455654325C}"
EndProject
Global
	GlobalSection(SolutionConfigurationPlatforms) = preSolution
		Debug|Any CPU = Debug|Any CPU
		Release|Any CPU = Release|Any CPU
	EndGlobalSection
	GlobalSection(SolutionProperties) = preSolution
		HideSolutionNode = FALSE
	EndGlobalSection
	GlobalSection(ProjectConfigurationPlatforms) = postSolution
		{88DC2F5A-D5CB-4AA0-91BA-01E70C0822B0}.Debug|Any CPU.ActiveCfg = Debug|Any CPU
		{88DC2F5A-D5CB-4AA0-91BA-01E70C0822B0}.Debug|Any CPU.Build.0 = Debug|Any CPU
		{88DC2F5A-D5CB-4AA0-91BA-01E70C0822B0}.Release|Any CPU.ActiveCfg = Release|Any CPU
		{88DC2F5A-D5CB-4AA0-91BA-01E70C0822B0}.Release|Any CPU.Build.0 = Release|Any CPU
		{7C548244-BF84-4A12-844D-4AB0E40658D9}.Debug|Any CPU.ActiveCfg = Debug|Any CPU
		{7C548244-BF84-4A12-844D-4AB0E40658D9}.Debug|Any CPU.Build.0 = Debug|Any CPU
		{7C548244-BF84-4A12-844D-4AB0E40658D9}.Release|Any CPU.ActiveCfg = Release|Any CPU
		{7C548244-BF84-4A12-844D-4AB0E40658D9}.Release|Any CPU.Build.0 = Release|Any CPU
		{A77A2C50-8DCC-4969-81B8-847ABF86BD1E}.Debug|Any CPU.ActiveCfg = Debug|Any CPU
		{A77A2C50-8DCC-4969-81B8-847ABF86BD1E}.Debug|Any CPU.Build.0 = Debug|Any CPU
		{A77A2C50-8DCC-4969-81B8-847ABF86BD1E}.Release|Any CPU.ActiveCfg = Release|Any CPU
		{A77A2C50-8DCC-4969-81B8-847ABF86BD1E}.Release|Any CPU.Build.0 = Release|Any CPU
		{A6D011E9-21B5-4CF4-8340-31B0FB0E1727}.Debug|Any CPU.ActiveCfg = Debug|Any CPU
		{A6D011E9-21B5-4CF4-8340-31B0FB0E1727}.Debug|Any CPU.Build.0 = Debug|Any CPU
		{A6D011E9-21B5-4CF4-8340-31B0FB0E1727}.Release|Any CPU.ActiveCfg = Release|Any CPU
		{A6D011E9-21B5-4CF4-8340-31B0FB0E1727}.Release|Any CPU.Build.0 = Release|Any CPU
		{72CE5DC0-A23F-4ABF-AEEA-41C605BA4076}.Debug|Any CPU.ActiveCfg = Debug|Any CPU
		{72CE5DC0-A23F-4ABF-AEEA-41C605BA4076}.Debug|Any CPU.Build.0 = Debug|Any CPU
		{72CE5DC0-A23F-4ABF-AEEA-41C605BA4076}.Release|Any CPU.ActiveCfg = Release|Any CPU
		{72CE5DC0-A23F-4ABF-AEEA-41C605BA4076}.Release|Any CPU.Build.0 = Release|Any CPU
		{1C9FC640-B18B-49CB-B26B-0670877E6790}.Debug|Any CPU.ActiveCfg = Debug|Any CPU
		{1C9FC640-B18B-49CB-B26B-0670877E6790}.Debug|Any CPU.Build.0 = Debug|Any CPU
		{1C9FC640-B18B-49CB-B26B-0670877E6790}.Release|Any CPU.ActiveCfg = Release|Any CPU
		{1C9FC640-B18B-49CB-B26B-0670877E6790}.Release|Any CPU.Build.0 = Release|Any CPU
		{7C1839B3-0FBB-4A61-A7D6-399523DCA671}.Debug|Any CPU.ActiveCfg = Debug|Any CPU
		{7C1839B3-0FBB-4A61-A7D6-399523DCA671}.Debug|Any CPU.Build.0 = Debug|Any CPU
		{7C1839B3-0FBB-4A61-A7D6-399523DCA671}.Release|Any CPU.ActiveCfg = Release|Any CPU
		{7C1839B3-0FBB-4A61-A7D6-399523DCA671}.Release|Any CPU.Build.0 = Release|Any CPU
		{1550CAC8-3A1B-4A7A-99E0-DAA4C304AF4B}.Debug|Any CPU.ActiveCfg = Debug|Any CPU
		{1550CAC8-3A1B-4A7A-99E0-DAA4C304AF4B}.Debug|Any CPU.Build.0 = Debug|Any CPU
		{1550CAC8-3A1B-4A7A-99E0-DAA4C304AF4B}.Release|Any CPU.ActiveCfg = Release|Any CPU
		{1550CAC8-3A1B-4A7A-99E0-DAA4C304AF4B}.Release|Any CPU.Build.0 = Release|Any CPU
		{5763179B-310E-4750-91AC-002EAB942D78}.Debug|Any CPU.ActiveCfg = Debug|Any CPU
		{5763179B-310E-4750-91AC-002EAB942D78}.Debug|Any CPU.Build.0 = Debug|Any CPU
		{5763179B-310E-4750-91AC-002EAB942D78}.Release|Any CPU.ActiveCfg = Release|Any CPU
		{5763179B-310E-4750-91AC-002EAB942D78}.Release|Any CPU.Build.0 = Release|Any CPU
		{AB38B3A6-9E9C-4D65-A9DD-9DA06C5FBCA3}.Debug|Any CPU.ActiveCfg = Debug|Any CPU
		{AB38B3A6-9E9C-4D65-A9DD-9DA06C5FBCA3}.Debug|Any CPU.Build.0 = Debug|Any CPU
		{AB38B3A6-9E9C-4D65-A9DD-9DA06C5FBCA3}.Release|Any CPU.ActiveCfg = Release|Any CPU
		{AB38B3A6-9E9C-4D65-A9DD-9DA06C5FBCA3}.Release|Any CPU.Build.0 = Release|Any CPU
		{CF859F14-E5EA-4E8F-AA79-48655BA1403E}.Debug|Any CPU.ActiveCfg = Debug|Any CPU
		{CF859F14-E5EA-4E8F-AA79-48655BA1403E}.Debug|Any CPU.Build.0 = Debug|Any CPU
		{CF859F14-E5EA-4E8F-AA79-48655BA1403E}.Release|Any CPU.ActiveCfg = Release|Any CPU
		{CF859F14-E5EA-4E8F-AA79-48655BA1403E}.Release|Any CPU.Build.0 = Release|Any CPU
		{44160EC0-008F-4444-9F09-710C394ABBA2}.Debug|Any CPU.ActiveCfg = Debug|Any CPU
		{44160EC0-008F-4444-9F09-710C394ABBA2}.Debug|Any CPU.Build.0 = Debug|Any CPU
		{44160EC0-008F-4444-9F09-710C394ABBA2}.Release|Any CPU.ActiveCfg = Release|Any CPU
		{44160EC0-008F-4444-9F09-710C394ABBA2}.Release|Any CPU.Build.0 = Release|Any CPU
		{231BD261-8AA1-41A0-9E10-561E44F6D47B}.Debug|Any CPU.ActiveCfg = Debug|Any CPU
		{231BD261-8AA1-41A0-9E10-561E44F6D47B}.Debug|Any CPU.Build.0 = Debug|Any CPU
		{231BD261-8AA1-41A0-9E10-561E44F6D47B}.Release|Any CPU.ActiveCfg = Release|Any CPU
		{231BD261-8AA1-41A0-9E10-561E44F6D47B}.Release|Any CPU.Build.0 = Release|Any CPU
		{227569C6-2C49-4D67-9D66-3468386568B7}.Debug|Any CPU.ActiveCfg = Debug|Any CPU
		{227569C6-2C49-4D67-9D66-3468386568B7}.Debug|Any CPU.Build.0 = Debug|Any CPU
		{227569C6-2C49-4D67-9D66-3468386568B7}.Release|Any CPU.ActiveCfg = Release|Any CPU
		{227569C6-2C49-4D67-9D66-3468386568B7}.Release|Any CPU.Build.0 = Release|Any CPU
		{0A2FAA08-2A21-467D-8ABB-1A298814CDF3}.Debug|Any CPU.ActiveCfg = Debug|Any CPU
		{0A2FAA08-2A21-467D-8ABB-1A298814CDF3}.Debug|Any CPU.Build.0 = Debug|Any CPU
		{0A2FAA08-2A21-467D-8ABB-1A298814CDF3}.Release|Any CPU.ActiveCfg = Release|Any CPU
		{0A2FAA08-2A21-467D-8ABB-1A298814CDF3}.Release|Any CPU.Build.0 = Release|Any CPU
		{190AFE4B-CCE1-43B3-A909-C9ED576EB02B}.Debug|Any CPU.ActiveCfg = Debug|Any CPU
		{190AFE4B-CCE1-43B3-A909-C9ED576EB02B}.Debug|Any CPU.Build.0 = Debug|Any CPU
		{190AFE4B-CCE1-43B3-A909-C9ED576EB02B}.Release|Any CPU.ActiveCfg = Release|Any CPU
		{190AFE4B-CCE1-43B3-A909-C9ED576EB02B}.Release|Any CPU.Build.0 = Release|Any CPU
		{FB8F09AE-7FD9-4103-92E3-AF66DF23A648}.Debug|Any CPU.ActiveCfg = Debug|Any CPU
		{FB8F09AE-7FD9-4103-92E3-AF66DF23A648}.Debug|Any CPU.Build.0 = Debug|Any CPU
		{FB8F09AE-7FD9-4103-92E3-AF66DF23A648}.Release|Any CPU.ActiveCfg = Release|Any CPU
		{FB8F09AE-7FD9-4103-92E3-AF66DF23A648}.Release|Any CPU.Build.0 = Release|Any CPU
		{8641CF01-5A78-4FBB-982D-8CA9E58FC365}.Debug|Any CPU.ActiveCfg = Debug|Any CPU
		{8641CF01-5A78-4FBB-982D-8CA9E58FC365}.Debug|Any CPU.Build.0 = Debug|Any CPU
		{8641CF01-5A78-4FBB-982D-8CA9E58FC365}.Release|Any CPU.ActiveCfg = Release|Any CPU
		{8641CF01-5A78-4FBB-982D-8CA9E58FC365}.Release|Any CPU.Build.0 = Release|Any CPU
		{6F8692C4-6B88-4D43-B9D6-225BCB200A0E}.Debug|Any CPU.ActiveCfg = Debug|Any CPU
		{6F8692C4-6B88-4D43-B9D6-225BCB200A0E}.Debug|Any CPU.Build.0 = Debug|Any CPU
		{6F8692C4-6B88-4D43-B9D6-225BCB200A0E}.Release|Any CPU.ActiveCfg = Release|Any CPU
		{6F8692C4-6B88-4D43-B9D6-225BCB200A0E}.Release|Any CPU.Build.0 = Release|Any CPU
		{2A538716-DCAD-4347-8ABC-DB6647CC9FFD}.Debug|Any CPU.ActiveCfg = Debug|Any CPU
		{2A538716-DCAD-4347-8ABC-DB6647CC9FFD}.Debug|Any CPU.Build.0 = Debug|Any CPU
		{2A538716-DCAD-4347-8ABC-DB6647CC9FFD}.Release|Any CPU.ActiveCfg = Release|Any CPU
		{2A538716-DCAD-4347-8ABC-DB6647CC9FFD}.Release|Any CPU.Build.0 = Release|Any CPU
		{70B0E0CF-284B-48C4-B678-F46F7BF77F76}.Debug|Any CPU.ActiveCfg = Debug|Any CPU
		{70B0E0CF-284B-48C4-B678-F46F7BF77F76}.Debug|Any CPU.Build.0 = Debug|Any CPU
		{70B0E0CF-284B-48C4-B678-F46F7BF77F76}.Release|Any CPU.ActiveCfg = Release|Any CPU
		{70B0E0CF-284B-48C4-B678-F46F7BF77F76}.Release|Any CPU.Build.0 = Release|Any CPU
		{291BDAB1-A5F9-4CC6-8619-3F6870C2AADD}.Debug|Any CPU.ActiveCfg = Debug|Any CPU
		{291BDAB1-A5F9-4CC6-8619-3F6870C2AADD}.Debug|Any CPU.Build.0 = Debug|Any CPU
		{291BDAB1-A5F9-4CC6-8619-3F6870C2AADD}.Release|Any CPU.ActiveCfg = Release|Any CPU
		{291BDAB1-A5F9-4CC6-8619-3F6870C2AADD}.Release|Any CPU.Build.0 = Release|Any CPU
		{4B515AEF-16C7-40D2-A217-1ECAC8511AB8}.Debug|Any CPU.ActiveCfg = Debug|Any CPU
		{4B515AEF-16C7-40D2-A217-1ECAC8511AB8}.Debug|Any CPU.Build.0 = Debug|Any CPU
		{4B515AEF-16C7-40D2-A217-1ECAC8511AB8}.Release|Any CPU.ActiveCfg = Release|Any CPU
		{4B515AEF-16C7-40D2-A217-1ECAC8511AB8}.Release|Any CPU.Build.0 = Release|Any CPU
		{75185A7E-EB69-4E61-A5D8-FC895951E43E}.Debug|Any CPU.ActiveCfg = Debug|Any CPU
		{75185A7E-EB69-4E61-A5D8-FC895951E43E}.Debug|Any CPU.Build.0 = Debug|Any CPU
		{75185A7E-EB69-4E61-A5D8-FC895951E43E}.Release|Any CPU.ActiveCfg = Release|Any CPU
		{75185A7E-EB69-4E61-A5D8-FC895951E43E}.Release|Any CPU.Build.0 = Release|Any CPU
		{D58AFFCD-82D7-494C-B7E3-1A2F5BEC55E5}.Debug|Any CPU.ActiveCfg = Debug|Any CPU
		{D58AFFCD-82D7-494C-B7E3-1A2F5BEC55E5}.Debug|Any CPU.Build.0 = Debug|Any CPU
		{D58AFFCD-82D7-494C-B7E3-1A2F5BEC55E5}.Release|Any CPU.ActiveCfg = Release|Any CPU
		{D58AFFCD-82D7-494C-B7E3-1A2F5BEC55E5}.Release|Any CPU.Build.0 = Release|Any CPU
		{87637E87-9916-4CC8-BE34-97FF58DAB5B4}.Debug|Any CPU.ActiveCfg = Debug|Any CPU
		{87637E87-9916-4CC8-BE34-97FF58DAB5B4}.Debug|Any CPU.Build.0 = Debug|Any CPU
		{87637E87-9916-4CC8-BE34-97FF58DAB5B4}.Release|Any CPU.ActiveCfg = Release|Any CPU
		{87637E87-9916-4CC8-BE34-97FF58DAB5B4}.Release|Any CPU.Build.0 = Release|Any CPU
		{3F6C38A9-2505-4605-B952-94B8CF944439}.Debug|Any CPU.ActiveCfg = Debug|Any CPU
		{3F6C38A9-2505-4605-B952-94B8CF944439}.Debug|Any CPU.Build.0 = Debug|Any CPU
		{3F6C38A9-2505-4605-B952-94B8CF944439}.Release|Any CPU.ActiveCfg = Release|Any CPU
		{3F6C38A9-2505-4605-B952-94B8CF944439}.Release|Any CPU.Build.0 = Release|Any CPU
		{D5B9F033-3002-46B6-8BD1-5CF2763EBC99}.Debug|Any CPU.ActiveCfg = Debug|Any CPU
		{D5B9F033-3002-46B6-8BD1-5CF2763EBC99}.Debug|Any CPU.Build.0 = Debug|Any CPU
		{D5B9F033-3002-46B6-8BD1-5CF2763EBC99}.Release|Any CPU.ActiveCfg = Release|Any CPU
		{D5B9F033-3002-46B6-8BD1-5CF2763EBC99}.Release|Any CPU.Build.0 = Release|Any CPU
		{D8E8CDA7-1B57-46C8-8BCC-350A5914BAE6}.Debug|Any CPU.ActiveCfg = Debug|Any CPU
		{D8E8CDA7-1B57-46C8-8BCC-350A5914BAE6}.Debug|Any CPU.Build.0 = Debug|Any CPU
		{D8E8CDA7-1B57-46C8-8BCC-350A5914BAE6}.Release|Any CPU.ActiveCfg = Release|Any CPU
		{D8E8CDA7-1B57-46C8-8BCC-350A5914BAE6}.Release|Any CPU.Build.0 = Release|Any CPU
		{02554DDB-415A-4325-8B2D-EE5929A613EB}.Debug|Any CPU.ActiveCfg = Debug|Any CPU
		{02554DDB-415A-4325-8B2D-EE5929A613EB}.Debug|Any CPU.Build.0 = Debug|Any CPU
		{02554DDB-415A-4325-8B2D-EE5929A613EB}.Release|Any CPU.ActiveCfg = Release|Any CPU
		{02554DDB-415A-4325-8B2D-EE5929A613EB}.Release|Any CPU.Build.0 = Release|Any CPU
		{C9A76C29-0282-4BEA-B085-439AB007A631}.Debug|Any CPU.ActiveCfg = Debug|Any CPU
		{C9A76C29-0282-4BEA-B085-439AB007A631}.Debug|Any CPU.Build.0 = Debug|Any CPU
		{C9A76C29-0282-4BEA-B085-439AB007A631}.Release|Any CPU.ActiveCfg = Release|Any CPU
		{C9A76C29-0282-4BEA-B085-439AB007A631}.Release|Any CPU.Build.0 = Release|Any CPU
		{EE0223D1-62DD-407B-9E56-AC0D9A5BB781}.Debug|Any CPU.ActiveCfg = Debug|Any CPU
		{EE0223D1-62DD-407B-9E56-AC0D9A5BB781}.Debug|Any CPU.Build.0 = Debug|Any CPU
		{EE0223D1-62DD-407B-9E56-AC0D9A5BB781}.Release|Any CPU.ActiveCfg = Release|Any CPU
		{EE0223D1-62DD-407B-9E56-AC0D9A5BB781}.Release|Any CPU.Build.0 = Release|Any CPU
		{C1B58B54-212B-4C80-AD8B-D430E61138C9}.Debug|Any CPU.ActiveCfg = Debug|Any CPU
		{C1B58B54-212B-4C80-AD8B-D430E61138C9}.Debug|Any CPU.Build.0 = Debug|Any CPU
		{C1B58B54-212B-4C80-AD8B-D430E61138C9}.Release|Any CPU.ActiveCfg = Release|Any CPU
		{C1B58B54-212B-4C80-AD8B-D430E61138C9}.Release|Any CPU.Build.0 = Release|Any CPU
		{97F746F6-C410-4F3F-9CC9-7720FAE59BC3}.Debug|Any CPU.ActiveCfg = Debug|Any CPU
		{97F746F6-C410-4F3F-9CC9-7720FAE59BC3}.Debug|Any CPU.Build.0 = Debug|Any CPU
		{97F746F6-C410-4F3F-9CC9-7720FAE59BC3}.Release|Any CPU.ActiveCfg = Release|Any CPU
		{97F746F6-C410-4F3F-9CC9-7720FAE59BC3}.Release|Any CPU.Build.0 = Release|Any CPU
		{B7D6C2F6-34DD-420B-AAEF-5A24435E214D}.Debug|Any CPU.ActiveCfg = Debug|Any CPU
		{B7D6C2F6-34DD-420B-AAEF-5A24435E214D}.Debug|Any CPU.Build.0 = Debug|Any CPU
		{B7D6C2F6-34DD-420B-AAEF-5A24435E214D}.Release|Any CPU.ActiveCfg = Release|Any CPU
		{B7D6C2F6-34DD-420B-AAEF-5A24435E214D}.Release|Any CPU.Build.0 = Release|Any CPU
		{8F9B0B5B-6296-4579-90F8-F1CD0F360C6C}.Debug|Any CPU.ActiveCfg = Debug|Any CPU
		{8F9B0B5B-6296-4579-90F8-F1CD0F360C6C}.Debug|Any CPU.Build.0 = Debug|Any CPU
		{8F9B0B5B-6296-4579-90F8-F1CD0F360C6C}.Release|Any CPU.ActiveCfg = Release|Any CPU
		{8F9B0B5B-6296-4579-90F8-F1CD0F360C6C}.Release|Any CPU.Build.0 = Release|Any CPU
		{82A284B4-DC18-4B77-8685-CE5D0BF6471B}.Debug|Any CPU.ActiveCfg = Debug|Any CPU
		{82A284B4-DC18-4B77-8685-CE5D0BF6471B}.Debug|Any CPU.Build.0 = Debug|Any CPU
		{82A284B4-DC18-4B77-8685-CE5D0BF6471B}.Release|Any CPU.ActiveCfg = Release|Any CPU
		{82A284B4-DC18-4B77-8685-CE5D0BF6471B}.Release|Any CPU.Build.0 = Release|Any CPU
		{41FD2B2C-E28D-451A-A1E3-E51B94CB6A92}.Debug|Any CPU.ActiveCfg = Debug|Any CPU
		{41FD2B2C-E28D-451A-A1E3-E51B94CB6A92}.Debug|Any CPU.Build.0 = Debug|Any CPU
		{41FD2B2C-E28D-451A-A1E3-E51B94CB6A92}.Release|Any CPU.ActiveCfg = Release|Any CPU
		{41FD2B2C-E28D-451A-A1E3-E51B94CB6A92}.Release|Any CPU.Build.0 = Release|Any CPU
		{533DAB7F-74B6-4582-82F4-47996DFE4CF2}.Debug|Any CPU.ActiveCfg = Debug|Any CPU
		{533DAB7F-74B6-4582-82F4-47996DFE4CF2}.Debug|Any CPU.Build.0 = Debug|Any CPU
		{533DAB7F-74B6-4582-82F4-47996DFE4CF2}.Release|Any CPU.ActiveCfg = Release|Any CPU
		{533DAB7F-74B6-4582-82F4-47996DFE4CF2}.Release|Any CPU.Build.0 = Release|Any CPU
		{3AC470A2-CC06-445F-BE8C-F681B2E73772}.Debug|Any CPU.ActiveCfg = Debug|Any CPU
		{3AC470A2-CC06-445F-BE8C-F681B2E73772}.Debug|Any CPU.Build.0 = Debug|Any CPU
		{3AC470A2-CC06-445F-BE8C-F681B2E73772}.Release|Any CPU.ActiveCfg = Release|Any CPU
		{3AC470A2-CC06-445F-BE8C-F681B2E73772}.Release|Any CPU.Build.0 = Release|Any CPU
		{0DF3BF9A-3703-4EC2-AEF7-2614C8A6E54A}.Debug|Any CPU.ActiveCfg = Debug|Any CPU
		{0DF3BF9A-3703-4EC2-AEF7-2614C8A6E54A}.Debug|Any CPU.Build.0 = Debug|Any CPU
		{0DF3BF9A-3703-4EC2-AEF7-2614C8A6E54A}.Release|Any CPU.ActiveCfg = Release|Any CPU
		{0DF3BF9A-3703-4EC2-AEF7-2614C8A6E54A}.Release|Any CPU.Build.0 = Release|Any CPU
		{ABAA2D2F-F28E-4B58-822D-9BCB6563A7BB}.Debug|Any CPU.ActiveCfg = Debug|Any CPU
		{ABAA2D2F-F28E-4B58-822D-9BCB6563A7BB}.Debug|Any CPU.Build.0 = Debug|Any CPU
		{ABAA2D2F-F28E-4B58-822D-9BCB6563A7BB}.Release|Any CPU.ActiveCfg = Release|Any CPU
		{ABAA2D2F-F28E-4B58-822D-9BCB6563A7BB}.Release|Any CPU.Build.0 = Release|Any CPU
		{A4C33074-1825-44C9-81FE-8C52ACD81865}.Debug|Any CPU.ActiveCfg = Debug|Any CPU
		{A4C33074-1825-44C9-81FE-8C52ACD81865}.Debug|Any CPU.Build.0 = Debug|Any CPU
		{A4C33074-1825-44C9-81FE-8C52ACD81865}.Release|Any CPU.ActiveCfg = Release|Any CPU
		{A4C33074-1825-44C9-81FE-8C52ACD81865}.Release|Any CPU.Build.0 = Release|Any CPU
		{7715275A-8B88-43C6-84DA-7757C1461136}.Debug|Any CPU.ActiveCfg = Debug|Any CPU
		{7715275A-8B88-43C6-84DA-7757C1461136}.Debug|Any CPU.Build.0 = Debug|Any CPU
		{7715275A-8B88-43C6-84DA-7757C1461136}.Release|Any CPU.ActiveCfg = Release|Any CPU
		{7715275A-8B88-43C6-84DA-7757C1461136}.Release|Any CPU.Build.0 = Release|Any CPU
		{18ABCCE2-7BD9-4A08-B611-E3970CA35AF4}.Debug|Any CPU.ActiveCfg = Debug|Any CPU
		{18ABCCE2-7BD9-4A08-B611-E3970CA35AF4}.Debug|Any CPU.Build.0 = Debug|Any CPU
		{18ABCCE2-7BD9-4A08-B611-E3970CA35AF4}.Release|Any CPU.ActiveCfg = Release|Any CPU
		{18ABCCE2-7BD9-4A08-B611-E3970CA35AF4}.Release|Any CPU.Build.0 = Release|Any CPU
		{843437D6-B566-4FCE-A815-B6898B72D25F}.Debug|Any CPU.ActiveCfg = Debug|Any CPU
		{843437D6-B566-4FCE-A815-B6898B72D25F}.Debug|Any CPU.Build.0 = Debug|Any CPU
		{843437D6-B566-4FCE-A815-B6898B72D25F}.Release|Any CPU.ActiveCfg = Release|Any CPU
		{843437D6-B566-4FCE-A815-B6898B72D25F}.Release|Any CPU.Build.0 = Release|Any CPU
		{30422A33-A91F-46E7-8AF1-352E1876FED9}.Debug|Any CPU.ActiveCfg = Debug|Any CPU
		{30422A33-A91F-46E7-8AF1-352E1876FED9}.Debug|Any CPU.Build.0 = Debug|Any CPU
		{30422A33-A91F-46E7-8AF1-352E1876FED9}.Release|Any CPU.ActiveCfg = Release|Any CPU
		{30422A33-A91F-46E7-8AF1-352E1876FED9}.Release|Any CPU.Build.0 = Release|Any CPU
		{D3368F3D-C4EB-4CEB-BE8B-3F73921AFA85}.Debug|Any CPU.ActiveCfg = Debug|Any CPU
		{D3368F3D-C4EB-4CEB-BE8B-3F73921AFA85}.Debug|Any CPU.Build.0 = Debug|Any CPU
		{D3368F3D-C4EB-4CEB-BE8B-3F73921AFA85}.Release|Any CPU.ActiveCfg = Release|Any CPU
		{D3368F3D-C4EB-4CEB-BE8B-3F73921AFA85}.Release|Any CPU.Build.0 = Release|Any CPU
		{37C13D0E-AF72-4540-AD7D-C703473AAEED}.Debug|Any CPU.ActiveCfg = Debug|Any CPU
		{37C13D0E-AF72-4540-AD7D-C703473AAEED}.Debug|Any CPU.Build.0 = Debug|Any CPU
		{37C13D0E-AF72-4540-AD7D-C703473AAEED}.Release|Any CPU.ActiveCfg = Release|Any CPU
		{37C13D0E-AF72-4540-AD7D-C703473AAEED}.Release|Any CPU.Build.0 = Release|Any CPU
		{8681B74E-A68D-411A-9421-6BA15874283A}.Debug|Any CPU.ActiveCfg = Debug|Any CPU
		{8681B74E-A68D-411A-9421-6BA15874283A}.Debug|Any CPU.Build.0 = Debug|Any CPU
		{8681B74E-A68D-411A-9421-6BA15874283A}.Release|Any CPU.ActiveCfg = Release|Any CPU
		{8681B74E-A68D-411A-9421-6BA15874283A}.Release|Any CPU.Build.0 = Release|Any CPU
		{B0D5D42B-F959-4A76-8EF1-1E56666AFC9B}.Debug|Any CPU.ActiveCfg = Debug|Any CPU
		{B0D5D42B-F959-4A76-8EF1-1E56666AFC9B}.Debug|Any CPU.Build.0 = Debug|Any CPU
		{B0D5D42B-F959-4A76-8EF1-1E56666AFC9B}.Release|Any CPU.ActiveCfg = Release|Any CPU
		{B0D5D42B-F959-4A76-8EF1-1E56666AFC9B}.Release|Any CPU.Build.0 = Release|Any CPU
		{C1902AFD-A91C-4EE8-A2AF-94863C418B04}.Debug|Any CPU.ActiveCfg = Debug|Any CPU
		{C1902AFD-A91C-4EE8-A2AF-94863C418B04}.Debug|Any CPU.Build.0 = Debug|Any CPU
		{C1902AFD-A91C-4EE8-A2AF-94863C418B04}.Release|Any CPU.ActiveCfg = Release|Any CPU
		{C1902AFD-A91C-4EE8-A2AF-94863C418B04}.Release|Any CPU.Build.0 = Release|Any CPU
		{C1FB342B-1755-434E-8795-D029507E2501}.Debug|Any CPU.ActiveCfg = Debug|Any CPU
		{C1FB342B-1755-434E-8795-D029507E2501}.Debug|Any CPU.Build.0 = Debug|Any CPU
		{C1FB342B-1755-434E-8795-D029507E2501}.Release|Any CPU.ActiveCfg = Release|Any CPU
		{C1FB342B-1755-434E-8795-D029507E2501}.Release|Any CPU.Build.0 = Release|Any CPU
		{CA9E5DCE-768D-4268-8D7E-B2EF69499CD4}.Debug|Any CPU.ActiveCfg = Debug|Any CPU
		{CA9E5DCE-768D-4268-8D7E-B2EF69499CD4}.Debug|Any CPU.Build.0 = Debug|Any CPU
		{CA9E5DCE-768D-4268-8D7E-B2EF69499CD4}.Release|Any CPU.ActiveCfg = Release|Any CPU
		{CA9E5DCE-768D-4268-8D7E-B2EF69499CD4}.Release|Any CPU.Build.0 = Release|Any CPU
		{B6407870-C416-40EE-AD17-667FC4136891}.Debug|Any CPU.ActiveCfg = Debug|Any CPU
		{B6407870-C416-40EE-AD17-667FC4136891}.Debug|Any CPU.Build.0 = Debug|Any CPU
		{B6407870-C416-40EE-AD17-667FC4136891}.Release|Any CPU.ActiveCfg = Release|Any CPU
		{B6407870-C416-40EE-AD17-667FC4136891}.Release|Any CPU.Build.0 = Release|Any CPU
		{D2FC9737-4511-4EF2-B6BF-F6CE41C506BC}.Debug|Any CPU.ActiveCfg = Debug|Any CPU
		{D2FC9737-4511-4EF2-B6BF-F6CE41C506BC}.Debug|Any CPU.Build.0 = Debug|Any CPU
		{D2FC9737-4511-4EF2-B6BF-F6CE41C506BC}.Release|Any CPU.ActiveCfg = Release|Any CPU
		{D2FC9737-4511-4EF2-B6BF-F6CE41C506BC}.Release|Any CPU.Build.0 = Release|Any CPU
		{33EABED5-243C-46C4-96F6-C8751001420B}.Debug|Any CPU.ActiveCfg = Debug|Any CPU
		{33EABED5-243C-46C4-96F6-C8751001420B}.Debug|Any CPU.Build.0 = Debug|Any CPU
		{33EABED5-243C-46C4-96F6-C8751001420B}.Release|Any CPU.ActiveCfg = Release|Any CPU
		{33EABED5-243C-46C4-96F6-C8751001420B}.Release|Any CPU.Build.0 = Release|Any CPU
		{CE666852-7855-451F-8080-FC0BC60104B6}.Debug|Any CPU.ActiveCfg = Debug|Any CPU
		{CE666852-7855-451F-8080-FC0BC60104B6}.Debug|Any CPU.Build.0 = Debug|Any CPU
		{CE666852-7855-451F-8080-FC0BC60104B6}.Release|Any CPU.ActiveCfg = Release|Any CPU
		{CE666852-7855-451F-8080-FC0BC60104B6}.Release|Any CPU.Build.0 = Release|Any CPU
		{AF69EDFF-557A-4B10-9056-80A9EC6E8B8B}.Debug|Any CPU.ActiveCfg = Debug|Any CPU
		{AF69EDFF-557A-4B10-9056-80A9EC6E8B8B}.Debug|Any CPU.Build.0 = Debug|Any CPU
		{AF69EDFF-557A-4B10-9056-80A9EC6E8B8B}.Release|Any CPU.ActiveCfg = Release|Any CPU
		{AF69EDFF-557A-4B10-9056-80A9EC6E8B8B}.Release|Any CPU.Build.0 = Release|Any CPU
		{E00A17B2-38FA-4B18-ACF4-9FB331625B86}.Debug|Any CPU.ActiveCfg = Debug|Any CPU
		{E00A17B2-38FA-4B18-ACF4-9FB331625B86}.Debug|Any CPU.Build.0 = Debug|Any CPU
		{E00A17B2-38FA-4B18-ACF4-9FB331625B86}.Release|Any CPU.ActiveCfg = Release|Any CPU
		{E00A17B2-38FA-4B18-ACF4-9FB331625B86}.Release|Any CPU.Build.0 = Release|Any CPU
		{0AF25811-7E44-4AB8-B154-C474B1DA56E1}.Debug|Any CPU.ActiveCfg = Debug|Any CPU
		{0AF25811-7E44-4AB8-B154-C474B1DA56E1}.Debug|Any CPU.Build.0 = Debug|Any CPU
		{0AF25811-7E44-4AB8-B154-C474B1DA56E1}.Release|Any CPU.ActiveCfg = Release|Any CPU
		{0AF25811-7E44-4AB8-B154-C474B1DA56E1}.Release|Any CPU.Build.0 = Release|Any CPU
		{537F43C4-9F87-4C70-81C6-E9A736F926CA}.Debug|Any CPU.ActiveCfg = Debug|Any CPU
		{537F43C4-9F87-4C70-81C6-E9A736F926CA}.Debug|Any CPU.Build.0 = Debug|Any CPU
		{537F43C4-9F87-4C70-81C6-E9A736F926CA}.Release|Any CPU.ActiveCfg = Release|Any CPU
		{537F43C4-9F87-4C70-81C6-E9A736F926CA}.Release|Any CPU.Build.0 = Release|Any CPU
		{55280C2F-401F-4AA9-94CA-D50551E52DDD}.Debug|Any CPU.ActiveCfg = Debug|Any CPU
		{55280C2F-401F-4AA9-94CA-D50551E52DDD}.Debug|Any CPU.Build.0 = Debug|Any CPU
		{55280C2F-401F-4AA9-94CA-D50551E52DDD}.Release|Any CPU.ActiveCfg = Release|Any CPU
		{55280C2F-401F-4AA9-94CA-D50551E52DDD}.Release|Any CPU.Build.0 = Release|Any CPU
		{798DF5C4-C095-4A0B-8BAB-E8208F31F790}.Debug|Any CPU.ActiveCfg = Debug|Any CPU
		{798DF5C4-C095-4A0B-8BAB-E8208F31F790}.Debug|Any CPU.Build.0 = Debug|Any CPU
		{798DF5C4-C095-4A0B-8BAB-E8208F31F790}.Release|Any CPU.ActiveCfg = Release|Any CPU
		{798DF5C4-C095-4A0B-8BAB-E8208F31F790}.Release|Any CPU.Build.0 = Release|Any CPU
		{6D2D27BD-2257-4F64-84B5-3AE90FD63747}.Debug|Any CPU.ActiveCfg = Debug|Any CPU
		{6D2D27BD-2257-4F64-84B5-3AE90FD63747}.Debug|Any CPU.Build.0 = Debug|Any CPU
		{6D2D27BD-2257-4F64-84B5-3AE90FD63747}.Release|Any CPU.ActiveCfg = Release|Any CPU
		{6D2D27BD-2257-4F64-84B5-3AE90FD63747}.Release|Any CPU.Build.0 = Release|Any CPU
		{0E9EDFBB-282A-44CF-BFD4-B29390D3B5A1}.Debug|Any CPU.ActiveCfg = Debug|Any CPU
		{0E9EDFBB-282A-44CF-BFD4-B29390D3B5A1}.Debug|Any CPU.Build.0 = Debug|Any CPU
		{0E9EDFBB-282A-44CF-BFD4-B29390D3B5A1}.Release|Any CPU.ActiveCfg = Release|Any CPU
		{0E9EDFBB-282A-44CF-BFD4-B29390D3B5A1}.Release|Any CPU.Build.0 = Release|Any CPU
		{A2444859-1BB6-4F96-BC3B-F1408069338D}.Debug|Any CPU.ActiveCfg = Debug|Any CPU
		{A2444859-1BB6-4F96-BC3B-F1408069338D}.Debug|Any CPU.Build.0 = Debug|Any CPU
		{A2444859-1BB6-4F96-BC3B-F1408069338D}.Release|Any CPU.ActiveCfg = Release|Any CPU
		{A2444859-1BB6-4F96-BC3B-F1408069338D}.Release|Any CPU.Build.0 = Release|Any CPU
		{18E0F58C-E706-448C-94B7-0577E3C7D4A9}.Debug|Any CPU.ActiveCfg = Debug|Any CPU
		{18E0F58C-E706-448C-94B7-0577E3C7D4A9}.Debug|Any CPU.Build.0 = Debug|Any CPU
		{18E0F58C-E706-448C-94B7-0577E3C7D4A9}.Release|Any CPU.ActiveCfg = Release|Any CPU
		{18E0F58C-E706-448C-94B7-0577E3C7D4A9}.Release|Any CPU.Build.0 = Release|Any CPU
		{EE34FFF1-C0C1-45A6-9113-2F0DF8F06359}.Debug|Any CPU.ActiveCfg = Debug|Any CPU
		{EE34FFF1-C0C1-45A6-9113-2F0DF8F06359}.Debug|Any CPU.Build.0 = Debug|Any CPU
		{EE34FFF1-C0C1-45A6-9113-2F0DF8F06359}.Release|Any CPU.ActiveCfg = Release|Any CPU
		{EE34FFF1-C0C1-45A6-9113-2F0DF8F06359}.Release|Any CPU.Build.0 = Release|Any CPU
		{D9AD1FA3-56B7-4772-A7AE-B5DDD3E22723}.Debug|Any CPU.ActiveCfg = Debug|Any CPU
		{D9AD1FA3-56B7-4772-A7AE-B5DDD3E22723}.Debug|Any CPU.Build.0 = Debug|Any CPU
		{D9AD1FA3-56B7-4772-A7AE-B5DDD3E22723}.Release|Any CPU.ActiveCfg = Release|Any CPU
		{D9AD1FA3-56B7-4772-A7AE-B5DDD3E22723}.Release|Any CPU.Build.0 = Release|Any CPU
		{5F567757-A604-4287-B535-B6837507E500}.Debug|Any CPU.ActiveCfg = Debug|Any CPU
		{5F567757-A604-4287-B535-B6837507E500}.Debug|Any CPU.Build.0 = Debug|Any CPU
		{5F567757-A604-4287-B535-B6837507E500}.Release|Any CPU.ActiveCfg = Release|Any CPU
		{5F567757-A604-4287-B535-B6837507E500}.Release|Any CPU.Build.0 = Release|Any CPU
		{95B76524-72D0-4B04-B6DA-EB20F5DD4038}.Debug|Any CPU.ActiveCfg = Debug|Any CPU
		{95B76524-72D0-4B04-B6DA-EB20F5DD4038}.Debug|Any CPU.Build.0 = Debug|Any CPU
		{95B76524-72D0-4B04-B6DA-EB20F5DD4038}.Release|Any CPU.ActiveCfg = Release|Any CPU
		{95B76524-72D0-4B04-B6DA-EB20F5DD4038}.Release|Any CPU.Build.0 = Release|Any CPU
		{7D998CC9-B2F2-4D93-8677-077F36FB1392}.Debug|Any CPU.ActiveCfg = Debug|Any CPU
		{7D998CC9-B2F2-4D93-8677-077F36FB1392}.Debug|Any CPU.Build.0 = Debug|Any CPU
		{7D998CC9-B2F2-4D93-8677-077F36FB1392}.Release|Any CPU.ActiveCfg = Release|Any CPU
		{7D998CC9-B2F2-4D93-8677-077F36FB1392}.Release|Any CPU.Build.0 = Release|Any CPU
		{2BB6651E-E3D3-4A4A-BC7C-D0F90E7E3AF4}.Debug|Any CPU.ActiveCfg = Debug|Any CPU
		{2BB6651E-E3D3-4A4A-BC7C-D0F90E7E3AF4}.Debug|Any CPU.Build.0 = Debug|Any CPU
		{2BB6651E-E3D3-4A4A-BC7C-D0F90E7E3AF4}.Release|Any CPU.ActiveCfg = Release|Any CPU
		{2BB6651E-E3D3-4A4A-BC7C-D0F90E7E3AF4}.Release|Any CPU.Build.0 = Release|Any CPU
		{3C2EEB36-8016-4828-9DE8-7DB2FF692553}.Debug|Any CPU.ActiveCfg = Debug|Any CPU
		{3C2EEB36-8016-4828-9DE8-7DB2FF692553}.Debug|Any CPU.Build.0 = Debug|Any CPU
		{3C2EEB36-8016-4828-9DE8-7DB2FF692553}.Release|Any CPU.ActiveCfg = Release|Any CPU
		{3C2EEB36-8016-4828-9DE8-7DB2FF692553}.Release|Any CPU.Build.0 = Release|Any CPU
		{CD759FCF-5C07-4AA1-B95E-C5901A70D283}.Debug|Any CPU.ActiveCfg = Debug|Any CPU
		{CD759FCF-5C07-4AA1-B95E-C5901A70D283}.Debug|Any CPU.Build.0 = Debug|Any CPU
		{CD759FCF-5C07-4AA1-B95E-C5901A70D283}.Release|Any CPU.ActiveCfg = Release|Any CPU
		{CD759FCF-5C07-4AA1-B95E-C5901A70D283}.Release|Any CPU.Build.0 = Release|Any CPU
		{B9DE8C27-F06B-4483-9095-4A455654325C}.Debug|Any CPU.ActiveCfg = Debug|Any CPU
		{B9DE8C27-F06B-4483-9095-4A455654325C}.Debug|Any CPU.Build.0 = Debug|Any CPU
		{B9DE8C27-F06B-4483-9095-4A455654325C}.Release|Any CPU.ActiveCfg = Release|Any CPU
		{B9DE8C27-F06B-4483-9095-4A455654325C}.Release|Any CPU.Build.0 = Release|Any CPU
	EndGlobalSection
	GlobalSection(NestedProjects) = preSolution
		{88DC2F5A-D5CB-4AA0-91BA-01E70C0822B0} = {1C682E29-A286-437F-BFB1-70E7B2D5C95D}
		{7C548244-BF84-4A12-844D-4AB0E40658D9} = {1C682E29-A286-437F-BFB1-70E7B2D5C95D}
		{A77A2C50-8DCC-4969-81B8-847ABF86BD1E} = {1C682E29-A286-437F-BFB1-70E7B2D5C95D}
		{A6D011E9-21B5-4CF4-8340-31B0FB0E1727} = {1C682E29-A286-437F-BFB1-70E7B2D5C95D}
		{72CE5DC0-A23F-4ABF-AEEA-41C605BA4076} = {5B4DD37B-8BB1-49F8-B305-92F5DE52B238}
		{1C9FC640-B18B-49CB-B26B-0670877E6790} = {5B4DD37B-8BB1-49F8-B305-92F5DE52B238}
		{7C1839B3-0FBB-4A61-A7D6-399523DCA671} = {5B4DD37B-8BB1-49F8-B305-92F5DE52B238}
		{1550CAC8-3A1B-4A7A-99E0-DAA4C304AF4B} = {5B4DD37B-8BB1-49F8-B305-92F5DE52B238}
		{5763179B-310E-4750-91AC-002EAB942D78} = {5B4DD37B-8BB1-49F8-B305-92F5DE52B238}
		{AB38B3A6-9E9C-4D65-A9DD-9DA06C5FBCA3} = {5B4DD37B-8BB1-49F8-B305-92F5DE52B238}
		{BED8A517-57F7-4639-9408-BB5B05FF046D} = {1C682E29-A286-437F-BFB1-70E7B2D5C95D}
		{CF859F14-E5EA-4E8F-AA79-48655BA1403E} = {BED8A517-57F7-4639-9408-BB5B05FF046D}
		{44160EC0-008F-4444-9F09-710C394ABBA2} = {BED8A517-57F7-4639-9408-BB5B05FF046D}
		{231BD261-8AA1-41A0-9E10-561E44F6D47B} = {BED8A517-57F7-4639-9408-BB5B05FF046D}
		{227569C6-2C49-4D67-9D66-3468386568B7} = {BED8A517-57F7-4639-9408-BB5B05FF046D}
		{0A2FAA08-2A21-467D-8ABB-1A298814CDF3} = {BED8A517-57F7-4639-9408-BB5B05FF046D}
		{F0BA15FC-BC31-4022-8CEA-D04AC82D19E8} = {1C682E29-A286-437F-BFB1-70E7B2D5C95D}
		{190AFE4B-CCE1-43B3-A909-C9ED576EB02B} = {F0BA15FC-BC31-4022-8CEA-D04AC82D19E8}
		{5A6D04BC-B8DD-49FB-BB44-88474DE53137} = {5B4DD37B-8BB1-49F8-B305-92F5DE52B238}
		{FB8F09AE-7FD9-4103-92E3-AF66DF23A648} = {5A6D04BC-B8DD-49FB-BB44-88474DE53137}
		{8641CF01-5A78-4FBB-982D-8CA9E58FC365} = {5B4DD37B-8BB1-49F8-B305-92F5DE52B238}
		{6F8692C4-6B88-4D43-B9D6-225BCB200A0E} = {5B4DD37B-8BB1-49F8-B305-92F5DE52B238}
		{2A538716-DCAD-4347-8ABC-DB6647CC9FFD} = {5B4DD37B-8BB1-49F8-B305-92F5DE52B238}
		{70B0E0CF-284B-48C4-B678-F46F7BF77F76} = {5B4DD37B-8BB1-49F8-B305-92F5DE52B238}
		{291BDAB1-A5F9-4CC6-8619-3F6870C2AADD} = {5B4DD37B-8BB1-49F8-B305-92F5DE52B238}
		{5BCA4089-91DE-4949-AC78-9E5DDC51325E} = {1C682E29-A286-437F-BFB1-70E7B2D5C95D}
		{8B51E703-38D4-4150-AFCA-C9E20009C819} = {5BCA4089-91DE-4949-AC78-9E5DDC51325E}
		{4B515AEF-16C7-40D2-A217-1ECAC8511AB8} = {8B51E703-38D4-4150-AFCA-C9E20009C819}
		{75185A7E-EB69-4E61-A5D8-FC895951E43E} = {8B51E703-38D4-4150-AFCA-C9E20009C819}
		{D58AFFCD-82D7-494C-B7E3-1A2F5BEC55E5} = {8B51E703-38D4-4150-AFCA-C9E20009C819}
		{87637E87-9916-4CC8-BE34-97FF58DAB5B4} = {8B51E703-38D4-4150-AFCA-C9E20009C819}
		{3F6C38A9-2505-4605-B952-94B8CF944439} = {8B51E703-38D4-4150-AFCA-C9E20009C819}
		{CC736388-AE32-40AC-B757-C4D017D12FB0} = {5B4DD37B-8BB1-49F8-B305-92F5DE52B238}
		{5D9A2FF4-2A18-44F6-82E0-EF1DEB4A1592} = {CC736388-AE32-40AC-B757-C4D017D12FB0}
		{D5B9F033-3002-46B6-8BD1-5CF2763EBC99} = {5D9A2FF4-2A18-44F6-82E0-EF1DEB4A1592}
		{D8E8CDA7-1B57-46C8-8BCC-350A5914BAE6} = {5D9A2FF4-2A18-44F6-82E0-EF1DEB4A1592}
		{02554DDB-415A-4325-8B2D-EE5929A613EB} = {5D9A2FF4-2A18-44F6-82E0-EF1DEB4A1592}
		{C9A76C29-0282-4BEA-B085-439AB007A631} = {5D9A2FF4-2A18-44F6-82E0-EF1DEB4A1592}
		{07D0B0C0-E0ED-4A67-A6E3-9DD60093412C} = {5BCA4089-91DE-4949-AC78-9E5DDC51325E}
		{EE0223D1-62DD-407B-9E56-AC0D9A5BB781} = {07D0B0C0-E0ED-4A67-A6E3-9DD60093412C}
		{C1B58B54-212B-4C80-AD8B-D430E61138C9} = {07D0B0C0-E0ED-4A67-A6E3-9DD60093412C}
		{97F746F6-C410-4F3F-9CC9-7720FAE59BC3} = {07D0B0C0-E0ED-4A67-A6E3-9DD60093412C}
		{B7D6C2F6-34DD-420B-AAEF-5A24435E214D} = {07D0B0C0-E0ED-4A67-A6E3-9DD60093412C}
		{8F9B0B5B-6296-4579-90F8-F1CD0F360C6C} = {07D0B0C0-E0ED-4A67-A6E3-9DD60093412C}
		{BAE73300-931C-4766-A074-F736338D6E99} = {CC736388-AE32-40AC-B757-C4D017D12FB0}
		{82A284B4-DC18-4B77-8685-CE5D0BF6471B} = {BAE73300-931C-4766-A074-F736338D6E99}
		{41FD2B2C-E28D-451A-A1E3-E51B94CB6A92} = {BAE73300-931C-4766-A074-F736338D6E99}
		{533DAB7F-74B6-4582-82F4-47996DFE4CF2} = {BAE73300-931C-4766-A074-F736338D6E99}
		{3AC470A2-CC06-445F-BE8C-F681B2E73772} = {BAE73300-931C-4766-A074-F736338D6E99}
		{32D78B84-CCC2-40B2-95FF-9D47A426D403} = {5BCA4089-91DE-4949-AC78-9E5DDC51325E}
		{0DF3BF9A-3703-4EC2-AEF7-2614C8A6E54A} = {32D78B84-CCC2-40B2-95FF-9D47A426D403}
		{ABAA2D2F-F28E-4B58-822D-9BCB6563A7BB} = {32D78B84-CCC2-40B2-95FF-9D47A426D403}
		{A4C33074-1825-44C9-81FE-8C52ACD81865} = {32D78B84-CCC2-40B2-95FF-9D47A426D403}
		{7715275A-8B88-43C6-84DA-7757C1461136} = {32D78B84-CCC2-40B2-95FF-9D47A426D403}
		{18ABCCE2-7BD9-4A08-B611-E3970CA35AF4} = {32D78B84-CCC2-40B2-95FF-9D47A426D403}
		{4CC245C0-B208-42F6-AD4C-9E7582B041E3} = {CC736388-AE32-40AC-B757-C4D017D12FB0}
		{843437D6-B566-4FCE-A815-B6898B72D25F} = {4CC245C0-B208-42F6-AD4C-9E7582B041E3}
		{30422A33-A91F-46E7-8AF1-352E1876FED9} = {4CC245C0-B208-42F6-AD4C-9E7582B041E3}
		{D3368F3D-C4EB-4CEB-BE8B-3F73921AFA85} = {4CC245C0-B208-42F6-AD4C-9E7582B041E3}
		{37C13D0E-AF72-4540-AD7D-C703473AAEED} = {4CC245C0-B208-42F6-AD4C-9E7582B041E3}
		{8681B74E-A68D-411A-9421-6BA15874283A} = {BED8A517-57F7-4639-9408-BB5B05FF046D}
		{F2224FA5-1504-45BC-9D2B-A5094E7E9224} = {1C682E29-A286-437F-BFB1-70E7B2D5C95D}
		{B0D5D42B-F959-4A76-8EF1-1E56666AFC9B} = {F2224FA5-1504-45BC-9D2B-A5094E7E9224}
		{C1902AFD-A91C-4EE8-A2AF-94863C418B04} = {F2224FA5-1504-45BC-9D2B-A5094E7E9224}
		{C1FB342B-1755-434E-8795-D029507E2501} = {F2224FA5-1504-45BC-9D2B-A5094E7E9224}
		{CA9E5DCE-768D-4268-8D7E-B2EF69499CD4} = {F2224FA5-1504-45BC-9D2B-A5094E7E9224}
		{B6407870-C416-40EE-AD17-667FC4136891} = {F2224FA5-1504-45BC-9D2B-A5094E7E9224}
		{D2FC9737-4511-4EF2-B6BF-F6CE41C506BC} = {F2224FA5-1504-45BC-9D2B-A5094E7E9224}
		{33EABED5-243C-46C4-96F6-C8751001420B} = {F2224FA5-1504-45BC-9D2B-A5094E7E9224}
		{E2FF17BE-3992-477B-985B-523C8F3901B9} = {5BCA4089-91DE-4949-AC78-9E5DDC51325E}
		{CE666852-7855-451F-8080-FC0BC60104B6} = {E2FF17BE-3992-477B-985B-523C8F3901B9}
		{AF69EDFF-557A-4B10-9056-80A9EC6E8B8B} = {E2FF17BE-3992-477B-985B-523C8F3901B9}
		{E00A17B2-38FA-4B18-ACF4-9FB331625B86} = {E2FF17BE-3992-477B-985B-523C8F3901B9}
		{0AF25811-7E44-4AB8-B154-C474B1DA56E1} = {E2FF17BE-3992-477B-985B-523C8F3901B9}
		{537F43C4-9F87-4C70-81C6-E9A736F926CA} = {E2FF17BE-3992-477B-985B-523C8F3901B9}
		{5F29B396-155D-46AA-98B1-4759F13665D8} = {5BCA4089-91DE-4949-AC78-9E5DDC51325E}
		{55280C2F-401F-4AA9-94CA-D50551E52DDD} = {5F29B396-155D-46AA-98B1-4759F13665D8}
		{798DF5C4-C095-4A0B-8BAB-E8208F31F790} = {5F29B396-155D-46AA-98B1-4759F13665D8}
		{6D2D27BD-2257-4F64-84B5-3AE90FD63747} = {5F29B396-155D-46AA-98B1-4759F13665D8}
		{0E9EDFBB-282A-44CF-BFD4-B29390D3B5A1} = {5F29B396-155D-46AA-98B1-4759F13665D8}
		{A2444859-1BB6-4F96-BC3B-F1408069338D} = {5F29B396-155D-46AA-98B1-4759F13665D8}
		{94AD57B8-94C9-4ECB-B5A4-71D6823BDEE5} = {5BCA4089-91DE-4949-AC78-9E5DDC51325E}
		{18E0F58C-E706-448C-94B7-0577E3C7D4A9} = {94AD57B8-94C9-4ECB-B5A4-71D6823BDEE5}
		{EE34FFF1-C0C1-45A6-9113-2F0DF8F06359} = {94AD57B8-94C9-4ECB-B5A4-71D6823BDEE5}
		{D9AD1FA3-56B7-4772-A7AE-B5DDD3E22723} = {94AD57B8-94C9-4ECB-B5A4-71D6823BDEE5}
		{5F567757-A604-4287-B535-B6837507E500} = {94AD57B8-94C9-4ECB-B5A4-71D6823BDEE5}
		{95B76524-72D0-4B04-B6DA-EB20F5DD4038} = {94AD57B8-94C9-4ECB-B5A4-71D6823BDEE5}
		{26D871FA-4A2D-43B7-98F2-8CF1FC82D555} = {CC736388-AE32-40AC-B757-C4D017D12FB0}
		{7D998CC9-B2F2-4D93-8677-077F36FB1392} = {26D871FA-4A2D-43B7-98F2-8CF1FC82D555}
		{BC09B620-5438-4975-8CD3-A821DC7AE843} = {CC736388-AE32-40AC-B757-C4D017D12FB0}
		{2BB6651E-E3D3-4A4A-BC7C-D0F90E7E3AF4} = {BC09B620-5438-4975-8CD3-A821DC7AE843}
		{87539D45-B3DE-4094-8FD5-FA436223D398} = {5B4DD37B-8BB1-49F8-B305-92F5DE52B238}
		{3C2EEB36-8016-4828-9DE8-7DB2FF692553} = {87539D45-B3DE-4094-8FD5-FA436223D398}
		{CD759FCF-5C07-4AA1-B95E-C5901A70D283} = {26D871FA-4A2D-43B7-98F2-8CF1FC82D555}
		{B9DE8C27-F06B-4483-9095-4A455654325C} = {26D871FA-4A2D-43B7-98F2-8CF1FC82D555}
	EndGlobalSection
EndGlobal
